// !$*UTF8*$!
{
	archiveVersion = 1;
	classes = {
	};
	objectVersion = 46;
	objects = {

/* Begin PBXBuildFile section */
		6395010B83F189E14504CF28 /* XCTest.framework in Frameworks */ = {isa = PBXBuildFile; fileRef = 6028181650C886C91A9FBED0 /* UE4CmdLineRun.m */; };
		EB41FF261F9FC8B1D0C3E278 /* RTS.uproject in Sources */ = {isa = PBXBuildFile; fileRef = 15A34CDBDF6AF17442A5BC38 /* RTS.uproject */; };
		0A3DDCAAADBB1E0F483C7C1C /* RTS.Target.cs in Sources */ = {isa = PBXBuildFile; fileRef = B64C3FA889BE2718F09D3BB4 /* RTS.Target.cs */; };
		1603690C9E11E4DCF8C3AA03 /* RTSEditor.Target.cs in Sources */ = {isa = PBXBuildFile; fileRef = E87B71283A2450FDB3AFA02A /* RTSEditor.Target.cs */; };
		54ED0A3606AA532E4419FFAA /* Building.cpp in Sources */ = {isa = PBXBuildFile; fileRef = D2A29D200257CBB89990085E /* Building.cpp */; };
		6A390DB9969161E8BE4F0CF4 /* Building.h in Sources */ = {isa = PBXBuildFile; fileRef = 3F423ED8C0523730E2E120DB /* Building.h */; };
		BA17F0F9190FC96B2FBA2912 /* RTS.Build.cs in Sources */ = {isa = PBXBuildFile; fileRef = 6B10EF6C58AD72A2BFBC0026 /* RTS.Build.cs */; };
		9DB3C79F76F994FE0A529084 /* RTS.cpp in Sources */ = {isa = PBXBuildFile; fileRef = 2550F952F75F829C8282D79A /* RTS.cpp */; };
		B48368436A2746BB0D9E6995 /* RTS.h in Sources */ = {isa = PBXBuildFile; fileRef = E97872DDC3C98FCF8D6C94BD /* RTS.h */; };
		F8EE3A7C52D9DFE2A62935E1 /* RTSGameMode.cpp in Sources */ = {isa = PBXBuildFile; fileRef = 0F1C8B2C8EC6F456C28CBD39 /* RTSGameMode.cpp */; };
		6794620630FEBAD2DC3F0D88 /* RTSGameMode.h in Sources */ = {isa = PBXBuildFile; fileRef = 172A2FE00FA3A092B5E62089 /* RTSGameMode.h */; };
		62FB6C873C96032511FA6EC9 /* RTSPlayerController.cpp in Sources */ = {isa = PBXBuildFile; fileRef = C2B4B2C61992407D66A50C05 /* RTSPlayerController.cpp */; };
		63F8E93B4F26364282679766 /* RTSPlayerController.h in Sources */ = {isa = PBXBuildFile; fileRef = 3B062016257A479AC48AD30A /* RTSPlayerController.h */; };
		3FA8A87A97F953207905EFD6 /* RTS.ico in Sources */ = {isa = PBXBuildFile; fileRef = 5AFC04FBD5F38228F027F30F /* RTS.ico */; };
		5398D4EC0E13B1437FE44C78 /* RTS.rc in Sources */ = {isa = PBXBuildFile; fileRef = CB393D8791A3E41315F82216 /* RTS.rc */; };
/* End PBXBuildFile section */

/* Begin PBXFileReference section */
		29A0CBF10248C211A6964760 /* OpenGLES.framework */ = {isa = PBXFileReference; lastKnownFileType = wrapper.framework; name = OpenGLES.framework; path = System/Library/Frameworks/OpenGLES.framework; sourceTree = SDKROOT; };
		6028181650C886C91A9FBED0 /* XCTest.framework */ = {isa = PBXFileReference; lastKnownFileType = wrapper.framework; name = XCTest.framework; path = Library/Frameworks/XCTest.framework; sourceTree = DEVELOPER_DIR; };
		9F2433E3DDF5735319F1FD5F /* libUE4XcodeHelper.a */ = {isa = PBXFileReference; explicitFileType = archive.ar; includeInIndex = 0; path = libUE4XcodeHelper.a; sourceTree = BUILT_PRODUCTS_DIR; };
		15A34CDBDF6AF17442A5BC38 /* RTS.uproject */ = {isa = PBXFileReference; lastKnownFileType = file.text; name = "RTS.uproject"; path = "RTS.uproject"; sourceTree = SOURCE_ROOT; };
		B64C3FA889BE2718F09D3BB4 /* RTS.Target.cs */ = {isa = PBXFileReference; lastKnownFileType = file.text; name = "RTS.Target.cs"; path = "Source/RTS.Target.cs"; sourceTree = SOURCE_ROOT; };
		E87B71283A2450FDB3AFA02A /* RTSEditor.Target.cs */ = {isa = PBXFileReference; lastKnownFileType = file.text; name = "RTSEditor.Target.cs"; path = "Source/RTSEditor.Target.cs"; sourceTree = SOURCE_ROOT; };
		D2A29D200257CBB89990085E /* Building.cpp */ = {isa = PBXFileReference; lastKnownFileType = sourcecode.cpp.objcpp; name = "Building.cpp"; path = "Source/RTS/Building.cpp"; sourceTree = SOURCE_ROOT; };
		3F423ED8C0523730E2E120DB /* Building.h */ = {isa = PBXFileReference; lastKnownFileType = sourcecode.c.h; name = "Building.h"; path = "Source/RTS/Building.h"; sourceTree = SOURCE_ROOT; };
		6B10EF6C58AD72A2BFBC0026 /* RTS.Build.cs */ = {isa = PBXFileReference; lastKnownFileType = file.text; name = "RTS.Build.cs"; path = "Source/RTS/RTS.Build.cs"; sourceTree = SOURCE_ROOT; };
		2550F952F75F829C8282D79A /* RTS.cpp */ = {isa = PBXFileReference; lastKnownFileType = sourcecode.cpp.objcpp; name = "RTS.cpp"; path = "Source/RTS/RTS.cpp"; sourceTree = SOURCE_ROOT; };
		E97872DDC3C98FCF8D6C94BD /* RTS.h */ = {isa = PBXFileReference; lastKnownFileType = sourcecode.c.h; name = "RTS.h"; path = "Source/RTS/RTS.h"; sourceTree = SOURCE_ROOT; };
		0F1C8B2C8EC6F456C28CBD39 /* RTSGameMode.cpp */ = {isa = PBXFileReference; lastKnownFileType = sourcecode.cpp.objcpp; name = "RTSGameMode.cpp"; path = "Source/RTS/RTSGameMode.cpp"; sourceTree = SOURCE_ROOT; };
		172A2FE00FA3A092B5E62089 /* RTSGameMode.h */ = {isa = PBXFileReference; lastKnownFileType = sourcecode.c.h; name = "RTSGameMode.h"; path = "Source/RTS/RTSGameMode.h"; sourceTree = SOURCE_ROOT; };
		C2B4B2C61992407D66A50C05 /* RTSPlayerController.cpp */ = {isa = PBXFileReference; lastKnownFileType = sourcecode.cpp.objcpp; name = "RTSPlayerController.cpp"; path = "Source/RTS/RTSPlayerController.cpp"; sourceTree = SOURCE_ROOT; };
		3B062016257A479AC48AD30A /* RTSPlayerController.h */ = {isa = PBXFileReference; lastKnownFileType = sourcecode.c.h; name = "RTSPlayerController.h"; path = "Source/RTS/RTSPlayerController.h"; sourceTree = SOURCE_ROOT; };
		5AFC04FBD5F38228F027F30F /* RTS.ico */ = {isa = PBXFileReference; lastKnownFileType = file.text; name = "RTS.ico"; path = "Source/RTS/Resources/Windows/RTS.ico"; sourceTree = SOURCE_ROOT; };
		CB393D8791A3E41315F82216 /* RTS.rc */ = {isa = PBXFileReference; lastKnownFileType = file.text; name = "RTS.rc"; path = "Source/RTS/Resources/Windows/RTS.rc"; sourceTree = SOURCE_ROOT; };
		D1C6A0CFDB0094D8E35C577D /* UE4CmdLineRun.xctest */ = {isa = PBXFileReference; explicitFileType = wrapper.cfbundle; includeInIndex = 0; path = Engine/Binaries/IOS/Payload/UE4CmdLineRun.xctest; sourceTree = "<group>"; };
		52225273DFF1A3D468C1577A /* RTS.app */ = {isa = PBXFileReference; explicitFileType = wrapper.application; includeInIndex = 0; path = RTS/Binaries/IOS/Payload/RTS.app; sourceTree = "<group>"; };
		A642C9A4EACF852E707BE498 /* RTS-Info.plist */ = {isa = PBXFileReference; fileEncoding = 4; lastKnownFileType = text.plist.xml; name = "RTS-Info.plist"; path = RTS/Build/IOS/RTS-Info.plist; sourceTree = "<group>"; };
/* End PBXFileReference section */

/* Begin PBXContainerItemProxy section */
		8EDC84F240C130AC4F53FC41 /* PBXContainerItemProxy */ = {
			isa = PBXContainerItemProxy;
			containerPortal = 27AFC5D77CBF58FB29C42D1E /* Project object */;
			proxyType = 1;
			remoteGlobalIDString = 6857F8EAE30E1EA7348C407F;
			remoteInfo = "RTS - Mac";
		};
/* End PBXContainerItemProxy section */

/* Begin PBXTargetDependency section */
		3397B24CD189DA9D64548528 /* PBXTargetDependency */ = {
			isa = PBXTargetDependency;
			target = 6857F8EAE30E1EA7348C407F /* RTS - Mac */;
			targetProxy = 8EDC84F240C130AC4F53FC41 /* PBXContainerItemProxy */;
		};
/* End PBXTargetDependency section */

/* Begin PBXGroup section */
		8ECEEA9EC2004E8ED775D5ED = {
			isa = PBXGroup;
			children = (
				B2D9AA3E670D813F94CCA209 /* Source */,
				C39DBEF837505267F32005E7 /* Products */,
				EFA2C2182C067BCABEB8875F /* Frameworks */,
				15A34CDBDF6AF17442A5BC38 /* RTS.uproject */,
			);
			sourceTree = "<group>";
		};
		C39DBEF837505267F32005E7 = {
			isa = PBXGroup;
			children = (
				9F2433E3DDF5735319F1FD5F /* libUE4XcodeHelper.a */,
				D1C6A0CFDB0094D8E35C577D /* UE4CmdLineRun.xctest */,
				52225273DFF1A3D468C1577A /* RTS.app */,
			);
			name = Products;
			sourceTree = "<group>";
		};
		EFA2C2182C067BCABEB8875F = {
			isa = PBXGroup;
			children = (
				29A0CBF10248C211A6964760 /* OpenGLES.framework */,
				6028181650C886C91A9FBED0 /* XCTest.framework */,
			);
			name = Frameworks;
			sourceTree = "<group>";
		};
		B2D9AA3E670D813F94CCA209 = {
			isa = PBXGroup;
			children = (
				A7A660A86F7E71ADB7EF07CA /* RTS */,
				B64C3FA889BE2718F09D3BB4 /* RTS.Target.cs */,
				E87B71283A2450FDB3AFA02A /* RTSEditor.Target.cs */,
			);
			name = "Source";
			path = "Source";
			sourceTree = "<group>";
		};
		A7A660A86F7E71ADB7EF07CA = {
			isa = PBXGroup;
			children = (
				59952E5C4D77A32301346879 /* Resources */,
				D2A29D200257CBB89990085E /* Building.cpp */,
				3F423ED8C0523730E2E120DB /* Building.h */,
				6B10EF6C58AD72A2BFBC0026 /* RTS.Build.cs */,
				2550F952F75F829C8282D79A /* RTS.cpp */,
				E97872DDC3C98FCF8D6C94BD /* RTS.h */,
				0F1C8B2C8EC6F456C28CBD39 /* RTSGameMode.cpp */,
				172A2FE00FA3A092B5E62089 /* RTSGameMode.h */,
				C2B4B2C61992407D66A50C05 /* RTSPlayerController.cpp */,
				3B062016257A479AC48AD30A /* RTSPlayerController.h */,
			);
			name = "RTS";
			path = "Source/RTS";
			sourceTree = "<group>";
		};
		59952E5C4D77A32301346879 = {
			isa = PBXGroup;
			children = (
				49E3819C9451B63FB240A287 /* Windows */,
			);
			name = "Resources";
			path = "Source/RTS/Resources";
			sourceTree = "<group>";
		};
		49E3819C9451B63FB240A287 = {
			isa = PBXGroup;
			children = (
				5AFC04FBD5F38228F027F30F /* RTS.ico */,
				CB393D8791A3E41315F82216 /* RTS.rc */,
			);
			name = "Windows";
			path = "Source/RTS/Resources/Windows";
			sourceTree = "<group>";
		};
/* End PBXGroup section */

/* Begin PBXShellScriptBuildPhase section */
		B5F64B35230992EDF2421C69 /* ShellScript */ = {
			isa = PBXShellScriptBuildPhase;
			buildActionMask = 2147483647;
			files = (
			);
			runOnlyForDeploymentPostprocessing = 0;
			shellPath = /bin/sh;
			shellScript = "if [ $DEPLOYMENT_LOCATION = \"YES\" ]\nthen\ncp -R Engine/Binaries/IOS/Payload/libUE4XcodeHelper.a/ $DSTROOT/$LOCAL_APPS_DIR/libUE4XcodeHelper.a\nfi";
		};
		B055C80CF81A0379101047B9 /* ShellScript */ = {
			isa = PBXShellScriptBuildPhase;
			buildActionMask = 2147483647;
			files = (
			);
			runOnlyForDeploymentPostprocessing = 0;
			shellPath = /bin/sh;
			shellScript = "if [ $DEPLOYMENT_LOCATION = \"YES\" ]\nthen\ncp -R Engine/Binaries/IOS/Payload/UE4CmdLineRun.xctest/ $DSTROOT/$LOCAL_APPS_DIR/UE4CmdLineRun.xctest\nfi";
		};
		813DBB2C8FA8488CB2A0850E /* ShellScript */ = {
			isa = PBXShellScriptBuildPhase;
			buildActionMask = 2147483647;
			files = (
			);
			runOnlyForDeploymentPostprocessing = 0;
			shellPath = /bin/sh;
			shellScript = "if [ $DEPLOYMENT_LOCATION = \"YES\" ]\nthen\ncp -R RTS/Binaries/IOS/Payload/RTS.app/ $DSTROOT/$LOCAL_APPS_DIR/RTS.app\nfi";
		};
/* End PBXShellScriptBuildPhase section */

/* Begin PBXSourcesBuildPhase section */
		96CE19817589E2ADB05AEA5C /* Sources */ = {
			isa = PBXSourcesBuildPhase;
			buildActionMask = 2147483647;
			files = (
			);
			runOnlyForDeploymentPostprocessing = 0;
		};
		FEEA0ACBF22F717F5CD7FC7F /* Sources */ = {
			isa = PBXSourcesBuildPhase;
			buildActionMask = 2147483647;
			files = (
				21D9D0723294109053C165D6 /* UE4CmdLineRun.m in Sources */,
			);
			runOnlyForDeploymentPostprocessing = 0;
		};
		B6E3B10D4331CA89EC7F74CF /* Sources */ = {
			isa = PBXSourcesBuildPhase;
			buildActionMask = 2147483647;
			files = (
			);
			runOnlyForDeploymentPostprocessing = 0;
		};
		96CE19817589E2ADB05AEA5C /* Sources */ = {
			isa = PBXSourcesBuildPhase;
			buildActionMask = 2147483647;
			files = (
				54ED0A3606AA532E4419FFAA /* Building.cpp in Sources */,
				9DB3C79F76F994FE0A529084 /* RTS.cpp in Sources */,
				F8EE3A7C52D9DFE2A62935E1 /* RTSGameMode.cpp in Sources */,
				62FB6C873C96032511FA6EC9 /* RTSPlayerController.cpp in Sources */,
			);
			runOnlyForDeploymentPostprocessing = 0;
		};
/* End PBXSourcesBuildPhase section */

/* Begin PBXFrameworksBuildPhase section */
		E21DA3825FF65243B4288416 /* Frameworks */ = {
			isa = PBXFrameworksBuildPhase;
			buildActionMask = 2147483647;
			files = (
			);
			runOnlyForDeploymentPostprocessing = 0;
		};
		5A273BE58904752506AD7474 /* Frameworks */ = {
			isa = PBXFrameworksBuildPhase;
			buildActionMask = 2147483647;
			files = (
				6395010B83F189E14504CF28 /* XCTest.framework in Frameworks */,
			);
			runOnlyForDeploymentPostprocessing = 0;
		};
		D3F7EB5710545DE17AF0B5C9 /* Frameworks */ = {
			isa = PBXFrameworksBuildPhase;
			buildActionMask = 2147483647;
			files = (
			);
			runOnlyForDeploymentPostprocessing = 0;
		};
/* End PBXFrameworksBuildPhase section */

/* Begin PBXLegacyTarget section */
		6857F8EAE30E1EA7348C407F /* RTS - Mac */ = {
			isa = PBXLegacyTarget;
			buildArgumentsString = "$(ACTION) RTS $(PLATFORM_NAME) $(CONFIGURATION) \"$(PROJECT_DIR)/RTS.uproject\"";
			buildConfigurationList = 0C2D366B707949B120CA6EBD /* Build configuration list for PBXLegacyTarget "RTS - Mac" */;
			buildPhases = (
			);
			buildToolPath = "/Users/Shared/UnrealEngine/4.5/Engine/Build/BatchFiles/Mac/RocketBuild.sh";
			buildWorkingDirectory = "/Users/Shared/UnrealEngine/4.5";
			dependencies = (
			);
			name = "RTS - Mac";
			passBuildSettingsInEnvironment = 0;
			productName = "RTS - Mac";
		};
		C9593CE068915DC38157E739 /* RTSEditor - Mac */ = {
			isa = PBXLegacyTarget;
			buildArgumentsString = "$(ACTION) RTSEditor $(PLATFORM_NAME) $(CONFIGURATION) \"$(PROJECT_DIR)/RTS.uproject\"";
			buildConfigurationList = 43FF059A291EA3F7D26D7626 /* Build configuration list for PBXLegacyTarget "RTSEditor - Mac" */;
			buildPhases = (
			);
			buildToolPath = "/Users/Shared/UnrealEngine/4.5/Engine/Build/BatchFiles/Mac/RocketBuild.sh";
			buildWorkingDirectory = "/Users/Shared/UnrealEngine/4.5";
			dependencies = (
			);
			name = "RTSEditor - Mac";
			passBuildSettingsInEnvironment = 0;
			productName = "RTSEditor - Mac";
		};
/* End PBXLegacyTarget section */

/* Begin PBXNativeTarget section */
		F065836E73C8A2F3415E76E1 /* UE4XcodeHelper */ = {
			isa = PBXNativeTarget;
			buildConfigurationList = 6C80F057548241D7663CECC5 /* Build configuration list for PBXNativeTarget "UE4XcodeHelper" */;
			buildPhases = (
				96CE19817589E2ADB05AEA5C /* Sources */,
				E21DA3825FF65243B4288416 /* Frameworks */,
				B5F64B35230992EDF2421C69 /* ShellScript */,
			);
			dependencies = (
			);
			name = "UE4XcodeHelper";
			productName = "UE4XcodeHelper";
			productReference = 9F2433E3DDF5735319F1FD5F /* libUE4XcodeHelper.a */;
			productType = "com.apple.product-type.library.static";
		};
		A5628470F317DFBC0AC94CF2 /* UE4CmdLineRun */ = {
			isa = PBXNativeTarget;
			buildConfigurationList = 71691D23B02BEEDBB5650509 /* Build configuration list for PBXNativeTarget "UE4CmdLineRun" */;
			buildPhases = (
				FEEA0ACBF22F717F5CD7FC7F /* Sources */,
				5A273BE58904752506AD7474 /* Frameworks */,
				B055C80CF81A0379101047B9 /* ShellScript */,
			);
			dependencies = (
			);
			name = "UE4CmdLineRun";
			productName = "UE4CmdLineRun";
			productReference = D1C6A0CFDB0094D8E35C577D /* UE4CmdLineRun.xctest */;
			productType = "com.apple.product-type.bundle.unit-test";
		};
		6B676F2A98C0EE04EF057E70 /* RTS - iOS */ = {
			isa = PBXNativeTarget;
			buildConfigurationList = 827F628BDE26193DCAF04501 /* Build configuration list for PBXNativeTarget "RTS - iOS" */;
			buildPhases = (
				B6E3B10D4331CA89EC7F74CF /* Sources */,
				D3F7EB5710545DE17AF0B5C9 /* Frameworks */,
				813DBB2C8FA8488CB2A0850E /* ShellScript */,
			);
			dependencies = (
				3397B24CD189DA9D64548528 /* PBXTargetDependency */
			);
			name = "RTS - iOS";
			productName = "RTS - iOS";
			productReference = 52225273DFF1A3D468C1577A /* RTS.app */;
			productType = "com.apple.product-type.application";
		};
/* End PBXNativeTarget section */

/* Begin PBXProject section */
		27AFC5D77CBF58FB29C42D1E /* Project object */ = {
			isa = PBXProject;
			attributes = {
				LastUpgradeCheck = 0510;
				ORGANIZATIONNAME = EpicGames;
			};
			buildConfigurationList = 2D19E2F2734BF246E70BD9BE /* Build configuration list for PBXProject "UE4" */;
			compatibilityVersion = "Xcode 3.2";
			developmentRegion = English;
			hasScannedForEncodings = 0;
			knownRegions = (
				en,
			);
			mainGroup = 8ECEEA9EC2004E8ED775D5ED;
			productRefGroup = C39DBEF837505267F32005E7 /* Products */;
			projectDirPath = "";
			projectRoot = "";
			targets = (
				F065836E73C8A2F3415E76E1 /* UE4XcodeHelper */,
				A5628470F317DFBC0AC94CF2 /* UE4CmdLineRun */,
				6857F8EAE30E1EA7348C407F /* RTS - Mac */,
				6B676F2A98C0EE04EF057E70 /* RTS - iOS */,
				C9593CE068915DC38157E739 /* RTSEditor - Mac */,
			);
		};
/* End PBXProject section */

/* Begin XCBuildConfiguration section */
		56F3EA26B079EBBD04D58035 /* DebugGame */ = {
			isa = XCBuildConfiguration;
			buildSettings = {
				GCC_PREPROCESSOR_DEFINITIONS = (
					"UE_GAME=1",
					"IS_PROGRAM=0",
					"UE_ROCKET=1",
					"UNICODE",
					"_UNICODE",
					"__UNREAL__",
					"IS_MONOLITHIC=1",
					"WITH_ENGINE=1",
					"WITH_UNREAL_DEVELOPER_TOOLS=0",
					"WITH_COREUOBJECT=1",
					"USE_STATS_WITHOUT_ENGINE=0",
					"WITH_PLUGIN_SUPPORT=0",
					"USE_LOGGING_IN_SHIPPING=0",
					"UE_BUILD_MINIMAL=1",
					"WITH_EDITOR=1",
					"WITH_EDITORONLY_DATA=1",
					"WITH_SERVER_CODE=1",
					"UBT_COMPILED_PLATFORM=Mac",
					"PLATFORM_MAC=1",
					"PLATFORM_APPLE=1",
					"WITH_TTS=0",
					"WITH_SPEECH_RECOGNITION=0",
					"WITH_DATABASE_SUPPORT=0",
					"NDEBUG=1",
					"UE_BUILD_DEVELOPMENT=1",
					"UE_PROJECT_NAME=RTS",
					"RTS_API=",
					"UE_ENABLE_ICU=1",
					"WITH_STEAMWORKS=0",
					"WITH_DIRECTXMATH=0",
					"CORE_API=",
					"COREUOBJECT_API=",
					"WITH_PHYSX=1",
					"WITH_APEX=1",
					"WITH_RUNTIME_PHYSICS_COOKING",
					"WITH_BOX2D=0",
					"WITH_RECAST=1",
					"ENGINE_API=",
					"WITH_FREETYPE=1",
					"SLATE_API=",
					"INPUTCORE_API=",
					"SLATECORE_API=",
					"MESSAGING_API=",
					"RENDERCORE_API=",
					"RHI_API=",
					"SHADERCORE_API=",
					"ASSETREGISTRY_API=",
					"ENGINEMESSAGES_API=",
					"ENGINESETTINGS_API=",
					"SYNTHBENCHMARK_API=",
					"RENDERER_API=",
					"AIMODULE_API=",
					"UE_EDITOR=1",
					"UNREALED_API=",
					"BSPMODE_API=",
					"DOCUMENTATION_API=",
					"PROJECTS_API=",
					"SANDBOXFILE_API=",
					"EDITORSTYLE_API=",
					"SOURCECONTROL_API=",
					"UNREALEDMESSAGES_API=",
					"BLUEPRINTGRAPH_API=",
					"USERFEEDBACK_API=",
					"COLLECTIONMANAGER_API=",
					"KISMET_API=",
					"MONOLITHIC_BUILD=1",
				);
				HEADER_SEARCH_PATHS = (
				);
				USER_HEADER_SEARCH_PATHS = (
					"/Users/Shared/UnrealEngine/4.5/Engine/Source",
					"Source",
					"Intermediate/Build/Mac/RTS/Inc/RTS",
					"/Users/Shared/UnrealEngine/4.5/Engine/Source/Runtime/Core/Public",
					"/Users/Shared/UnrealEngine/4.5/Engine/Source/Runtime/Core/Public/Internationalization",
					"/Users/Shared/UnrealEngine/4.5/Engine/Source/Runtime/Core/Public/Async",
					"/Users/Shared/UnrealEngine/4.5/Engine/Source/Runtime/Core/Public/Concurrency",
					"/Users/Shared/UnrealEngine/4.5/Engine/Source/Runtime/Core/Public/Containers",
					"/Users/Shared/UnrealEngine/4.5/Engine/Source/Runtime/Core/Public/Delegates",
					"/Users/Shared/UnrealEngine/4.5/Engine/Source/Runtime/Core/Public/GenericPlatform",
					"/Users/Shared/UnrealEngine/4.5/Engine/Source/Runtime/Core/Public/HAL",
					"/Users/Shared/UnrealEngine/4.5/Engine/Source/Runtime/Core/Public/Logging",
					"/Users/Shared/UnrealEngine/4.5/Engine/Source/Runtime/Core/Public/Math",
					"/Users/Shared/UnrealEngine/4.5/Engine/Source/Runtime/Core/Public/Misc",
					"/Users/Shared/UnrealEngine/4.5/Engine/Source/Runtime/Core/Public/Modules",
					"/Users/Shared/UnrealEngine/4.5/Engine/Source/Runtime/Core/Public/Modules/Boilerplate",
					"/Users/Shared/UnrealEngine/4.5/Engine/Source/Runtime/Core/Public/ProfilingDebugging",
					"/Users/Shared/UnrealEngine/4.5/Engine/Source/Runtime/Core/Public/Serialization",
					"/Users/Shared/UnrealEngine/4.5/Engine/Source/Runtime/Core/Public/Serialization/Json",
					"/Users/Shared/UnrealEngine/4.5/Engine/Source/Runtime/Core/Public/Serialization/Csv",
					"/Users/Shared/UnrealEngine/4.5/Engine/Source/Runtime/Core/Public/Stats",
					"/Users/Shared/UnrealEngine/4.5/Engine/Source/Runtime/Core/Public/Templates",
					"/Users/Shared/UnrealEngine/4.5/Engine/Source/Runtime/Core/Public/UObject",
					"/Users/Shared/UnrealEngine/4.5/Engine/Source/Runtime/Core/Public/Apple",
					"/Users/Shared/UnrealEngine/4.5/Engine/Source/Runtime/Core/Public/Mac",
					"/Users/Shared/UnrealEngine/4.5/Engine/Source/Runtime/Core",
					"/Users/Shared/UnrealEngine/4.5/Engine/Source/Runtime/CoreUObject/Classes",
					"/Users/Shared/UnrealEngine/4.5/Engine/Intermediate/Build/Mac/Inc/CoreUObject",
					"/Users/Shared/UnrealEngine/4.5/Engine/Source/Runtime/CoreUObject/Public",
					"/Users/Shared/UnrealEngine/4.5/Engine/Source/Runtime/CoreUObject/Public/Blueprint",
					"/Users/Shared/UnrealEngine/4.5/Engine/Source/Runtime/CoreUObject/Public/Misc",
					"/Users/Shared/UnrealEngine/4.5/Engine/Source/Runtime/CoreUObject/Public/Serialization",
					"/Users/Shared/UnrealEngine/4.5/Engine/Source/Runtime/CoreUObject/Public/Templates",
					"/Users/Shared/UnrealEngine/4.5/Engine/Source/Runtime/CoreUObject/Public/UObject",
					"/Users/Shared/UnrealEngine/4.5/Engine/Source/Runtime/CoreUObject",
					"/Users/Shared/UnrealEngine/4.5/Engine/Source/Runtime/Engine/Classes",
					"/Users/Shared/UnrealEngine/4.5/Engine/Intermediate/Build/Mac/Inc/Engine",
					"/Users/Shared/UnrealEngine/4.5/Engine/Source/Runtime/Engine/Public",
					"/Users/Shared/UnrealEngine/4.5/Engine/Source/Runtime/Engine/Public/AI",
					"/Users/Shared/UnrealEngine/4.5/Engine/Source/Runtime/Engine/Public/EdGraph",
					"/Users/Shared/UnrealEngine/4.5/Engine/Source/Runtime/Engine/Public/Features",
					"/Users/Shared/UnrealEngine/4.5/Engine/Source/Runtime/Engine/Public/Landscape",
					"/Users/Shared/UnrealEngine/4.5/Engine/Source/Runtime/Engine/Public/Net",
					"/Users/Shared/UnrealEngine/4.5/Engine/Source/Runtime/Engine/Public/Slate",
					"/Users/Shared/UnrealEngine/4.5/Engine/Source/Runtime/Engine/Public/Tests",
					"/Users/Shared/UnrealEngine/4.5/Engine/Source/Runtime/Engine/Public/AI/Navigation",
					"/Users/Shared/UnrealEngine/4.5/Engine/Intermediate/Build/Mac/Inc/Slate",
					"/Users/Shared/UnrealEngine/4.5/Engine/Source/Runtime/Slate/Public",
					"/Users/Shared/UnrealEngine/4.5/Engine/Source/Runtime/Slate/Public/Framework",
					"/Users/Shared/UnrealEngine/4.5/Engine/Source/Runtime/Slate/Public/Widgets",
					"/Users/Shared/UnrealEngine/4.5/Engine/Source/Runtime/Slate/Public/Framework/Application",
					"/Users/Shared/UnrealEngine/4.5/Engine/Source/Runtime/Slate/Public/Framework/Commands",
					"/Users/Shared/UnrealEngine/4.5/Engine/Source/Runtime/Slate/Public/Framework/Docking",
					"/Users/Shared/UnrealEngine/4.5/Engine/Source/Runtime/Slate/Public/Framework/Layout",
					"/Users/Shared/UnrealEngine/4.5/Engine/Source/Runtime/Slate/Public/Framework/MultiBox",
					"/Users/Shared/UnrealEngine/4.5/Engine/Source/Runtime/Slate/Public/Framework/Notifications",
					"/Users/Shared/UnrealEngine/4.5/Engine/Source/Runtime/Slate/Public/Framework/Styling",
					"/Users/Shared/UnrealEngine/4.5/Engine/Source/Runtime/Slate/Public/Framework/Text",
					"/Users/Shared/UnrealEngine/4.5/Engine/Source/Runtime/Slate/Public/Framework/Views",
					"/Users/Shared/UnrealEngine/4.5/Engine/Source/Runtime/Slate/Public/Framework/Text/IOS",
					"/Users/Shared/UnrealEngine/4.5/Engine/Source/Runtime/Slate/Public/Widgets/Colors",
					"/Users/Shared/UnrealEngine/4.5/Engine/Source/Runtime/Slate/Public/Widgets/Docking",
					"/Users/Shared/UnrealEngine/4.5/Engine/Source/Runtime/Slate/Public/Widgets/Images",
					"/Users/Shared/UnrealEngine/4.5/Engine/Source/Runtime/Slate/Public/Widgets/Input",
					"/Users/Shared/UnrealEngine/4.5/Engine/Source/Runtime/Slate/Public/Widgets/Layout",
					"/Users/Shared/UnrealEngine/4.5/Engine/Source/Runtime/Slate/Public/Widgets/Navigation",
					"/Users/Shared/UnrealEngine/4.5/Engine/Source/Runtime/Slate/Public/Widgets/Notifications",
					"/Users/Shared/UnrealEngine/4.5/Engine/Source/Runtime/Slate/Public/Widgets/Text",
					"/Users/Shared/UnrealEngine/4.5/Engine/Source/Runtime/Slate/Public/Widgets/Views",
					"/Users/Shared/UnrealEngine/4.5/Engine/Source/Runtime/InputCore/Classes",
					"/Users/Shared/UnrealEngine/4.5/Engine/Intermediate/Build/Mac/Inc/InputCore",
					"/Users/Shared/UnrealEngine/4.5/Engine/Source/Runtime/InputCore/Public",
					"/Users/Shared/UnrealEngine/4.5/Engine/Source/Runtime/InputCore",
					"/Users/Shared/UnrealEngine/4.5/Engine/Intermediate/Build/Mac/Inc/SlateCore",
					"/Users/Shared/UnrealEngine/4.5/Engine/Source/Runtime/SlateCore/Public",
					"/Users/Shared/UnrealEngine/4.5/Engine/Source/Runtime/SlateCore/Public/Animation",
					"/Users/Shared/UnrealEngine/4.5/Engine/Source/Runtime/SlateCore/Public/Application",
					"/Users/Shared/UnrealEngine/4.5/Engine/Source/Runtime/SlateCore/Public/Brushes",
					"/Users/Shared/UnrealEngine/4.5/Engine/Source/Runtime/SlateCore/Public/Fonts",
					"/Users/Shared/UnrealEngine/4.5/Engine/Source/Runtime/SlateCore/Public/Input",
					"/Users/Shared/UnrealEngine/4.5/Engine/Source/Runtime/SlateCore/Public/Layout",
					"/Users/Shared/UnrealEngine/4.5/Engine/Source/Runtime/SlateCore/Public/Logging",
					"/Users/Shared/UnrealEngine/4.5/Engine/Source/Runtime/SlateCore/Public/Rendering",
					"/Users/Shared/UnrealEngine/4.5/Engine/Source/Runtime/SlateCore/Public/Sound",
					"/Users/Shared/UnrealEngine/4.5/Engine/Source/Runtime/SlateCore/Public/Styling",
					"/Users/Shared/UnrealEngine/4.5/Engine/Source/Runtime/SlateCore/Public/Textures",
					"/Users/Shared/UnrealEngine/4.5/Engine/Source/Runtime/SlateCore/Public/Types",
					"/Users/Shared/UnrealEngine/4.5/Engine/Source/Runtime/SlateCore/Public/Widgets",
					"/Users/Shared/UnrealEngine/4.5/Engine/Source/Runtime/SlateCore",
					"/Users/Shared/UnrealEngine/4.5/Engine/Source/Runtime/Slate",
					"/Users/Shared/UnrealEngine/4.5/Engine/Intermediate/Build/Mac/Inc/Messaging",
					"/Users/Shared/UnrealEngine/4.5/Engine/Source/Runtime/Messaging/Public",
					"/Users/Shared/UnrealEngine/4.5/Engine/Source/Runtime/Messaging/Public/Common",
					"/Users/Shared/UnrealEngine/4.5/Engine/Source/Runtime/Messaging/Public/Interfaces",
					"/Users/Shared/UnrealEngine/4.5/Engine/Source/Runtime/Messaging",
					"/Users/Shared/UnrealEngine/4.5/Engine/Intermediate/Build/Mac/Inc/RenderCore",
					"/Users/Shared/UnrealEngine/4.5/Engine/Source/Runtime/RenderCore/Public",
					"/Users/Shared/UnrealEngine/4.5/Engine/Source/Runtime/RenderCore",
					"/Users/Shared/UnrealEngine/4.5/Engine/Intermediate/Build/Mac/Inc/RHI",
					"/Users/Shared/UnrealEngine/4.5/Engine/Source/Runtime/RHI/Public",
					"/Users/Shared/UnrealEngine/4.5/Engine/Source/Runtime/RHI",
					"/Users/Shared/UnrealEngine/4.5/Engine/Intermediate/Build/Mac/Inc/ShaderCore",
					"/Users/Shared/UnrealEngine/4.5/Engine/Source/Runtime/ShaderCore/Public",
					"/Users/Shared/UnrealEngine/4.5/Engine/Source/Runtime/ShaderCore",
					"/Users/Shared/UnrealEngine/4.5/Engine/Intermediate/Build/Mac/Inc/AssetRegistry",
					"/Users/Shared/UnrealEngine/4.5/Engine/Source/Runtime/AssetRegistry/Public",
					"/Users/Shared/UnrealEngine/4.5/Engine/Source/Runtime/AssetRegistry",
					"/Users/Shared/UnrealEngine/4.5/Engine/Source/Runtime/EngineMessages/Classes",
					"/Users/Shared/UnrealEngine/4.5/Engine/Intermediate/Build/Mac/Inc/EngineMessages",
					"/Users/Shared/UnrealEngine/4.5/Engine/Source/Runtime/EngineMessages/Public",
					"/Users/Shared/UnrealEngine/4.5/Engine/Source/Runtime/EngineMessages",
					"/Users/Shared/UnrealEngine/4.5/Engine/Source/Runtime/EngineSettings/Classes",
					"/Users/Shared/UnrealEngine/4.5/Engine/Intermediate/Build/Mac/Inc/EngineSettings",
					"/Users/Shared/UnrealEngine/4.5/Engine/Source/Runtime/EngineSettings/Public",
					"/Users/Shared/UnrealEngine/4.5/Engine/Source/Runtime/EngineSettings",
					"/Users/Shared/UnrealEngine/4.5/Engine/Intermediate/Build/Mac/Inc/SynthBenchmark",
					"/Users/Shared/UnrealEngine/4.5/Engine/Source/Developer/SynthBenchmark/Public",
					"/Users/Shared/UnrealEngine/4.5/Engine/Intermediate/Build/Mac/Inc/Renderer",
					"/Users/Shared/UnrealEngine/4.5/Engine/Source/Runtime/Renderer/Public",
					"/Users/Shared/UnrealEngine/4.5/Engine/Source/Runtime/Renderer",
					"/Users/Shared/UnrealEngine/4.5/Engine/Source/Developer/SynthBenchmark",
					"/Users/Shared/UnrealEngine/4.5/Engine/Source/Runtime/AIModule/Public",
					"/Users/Shared/UnrealEngine/4.5/Engine/Source/Runtime/AIModule/Classes",
					"/Users/Shared/UnrealEngine/4.5/Engine/Intermediate/Build/Mac/Inc/AIModule",
					"/Users/Shared/UnrealEngine/4.5/Engine/Source/Runtime/AIModule",
					"/Users/Shared/UnrealEngine/4.5/Engine/Source/Runtime/Engine",
					"Source/RTS",
					"Intermediate/Build/Mac/Inc/RTS",
					"/Users/Shared/UnrealEngine/4.5/Engine/Source/Programs/UnrealLightmass/Public",
					"/Users/Shared/UnrealEngine/4.5/Engine/Source/Editor/UnrealEd/Classes",
					"/Users/Shared/UnrealEngine/4.5/Engine/Intermediate/Build/Mac/Inc/UnrealEd",
					"/Users/Shared/UnrealEngine/4.5/Engine/Source/Editor/UnrealEd/Public",
					"/Users/Shared/UnrealEngine/4.5/Engine/Source/Editor/UnrealEd/Public/Commandlets",
					"/Users/Shared/UnrealEngine/4.5/Engine/Source/Editor/UnrealEd/Public/Dialogs",
					"/Users/Shared/UnrealEngine/4.5/Engine/Source/Editor/UnrealEd/Public/DragAndDrop",
					"/Users/Shared/UnrealEngine/4.5/Engine/Source/Editor/UnrealEd/Public/Features",
					"/Users/Shared/UnrealEngine/4.5/Engine/Source/Editor/UnrealEd/Public/Kismet2",
					"/Users/Shared/UnrealEngine/4.5/Engine/Source/Editor/UnrealEd/Public/Layers",
					"/Users/Shared/UnrealEngine/4.5/Engine/Source/Editor/UnrealEd/Public/Tests",
					"/Users/Shared/UnrealEngine/4.5/Engine/Source/Editor/UnrealEd/Public/Toolkits",
					"/Users/Shared/UnrealEngine/4.5/Engine/Intermediate/Build/Mac/Inc/BspMode",
					"/Users/Shared/UnrealEngine/4.5/Engine/Source/Editor/BspMode/Public",
					"/Users/Shared/UnrealEngine/4.5/Engine/Source/Editor/BspMode",
					"/Users/Shared/UnrealEngine/4.5/Engine/Intermediate/Build/Mac/Inc/Documentation",
					"/Users/Shared/UnrealEngine/4.5/Engine/Source/Editor/Documentation/Public",
					"/Users/Shared/UnrealEngine/4.5/Engine/Source/Editor/Documentation",
					"/Users/Shared/UnrealEngine/4.5/Engine/Intermediate/Build/Mac/Inc/Projects",
					"/Users/Shared/UnrealEngine/4.5/Engine/Source/Runtime/Projects/Public",
					"/Users/Shared/UnrealEngine/4.5/Engine/Source/Runtime/Projects/Public/Interfaces",
					"/Users/Shared/UnrealEngine/4.5/Engine/Source/Runtime/Projects",
					"/Users/Shared/UnrealEngine/4.5/Engine/Intermediate/Build/Mac/Inc/SandboxFile",
					"/Users/Shared/UnrealEngine/4.5/Engine/Source/Runtime/SandboxFile/Public",
					"/Users/Shared/UnrealEngine/4.5/Engine/Source/Runtime/SandboxFile",
					"/Users/Shared/UnrealEngine/4.5/Engine/Intermediate/Build/Mac/Inc/EditorStyle",
					"/Users/Shared/UnrealEngine/4.5/Engine/Source/Editor/EditorStyle/Public",
					"/Users/Shared/UnrealEngine/4.5/Engine/Source/Editor/EditorStyle/Public/Classes",
					"/Users/Shared/UnrealEngine/4.5/Engine/Source/Editor/EditorStyle/Public/Interfaces",
					"/Users/Shared/UnrealEngine/4.5/Engine/Source/Editor/EditorStyle",
					"/Users/Shared/UnrealEngine/4.5/Engine/Intermediate/Build/Mac/Inc/SourceControl",
					"/Users/Shared/UnrealEngine/4.5/Engine/Source/Developer/SourceControl/Public",
					"/Users/Shared/UnrealEngine/4.5/Engine/Source/Developer/SourceControl/Public/Tests",
					"/Users/Shared/UnrealEngine/4.5/Engine/Source/Developer/SourceControl",
					"/Users/Shared/UnrealEngine/4.5/Engine/Source/Editor/UnrealEdMessages/Classes",
					"/Users/Shared/UnrealEngine/4.5/Engine/Intermediate/Build/Mac/Inc/UnrealEdMessages",
					"/Users/Shared/UnrealEngine/4.5/Engine/Source/Editor/UnrealEdMessages/Public",
					"/Users/Shared/UnrealEngine/4.5/Engine/Source/Editor/UnrealEdMessages",
					"/Users/Shared/UnrealEngine/4.5/Engine/Source/Editor/BlueprintGraph/Classes",
					"/Users/Shared/UnrealEngine/4.5/Engine/Intermediate/Build/Mac/Inc/BlueprintGraph",
					"/Users/Shared/UnrealEngine/4.5/Engine/Source/Editor/BlueprintGraph/Public",
					"/Users/Shared/UnrealEngine/4.5/Engine/Source/Editor/BlueprintGraph",
					"/Users/Shared/UnrealEngine/4.5/Engine/Intermediate/Build/Mac/Inc/UserFeedback",
					"/Users/Shared/UnrealEngine/4.5/Engine/Source/Editor/UserFeedback/Public",
					"/Users/Shared/UnrealEngine/4.5/Engine/Source/Editor/UserFeedback",
					"/Users/Shared/UnrealEngine/4.5/Engine/Intermediate/Build/Mac/Inc/CollectionManager",
					"/Users/Shared/UnrealEngine/4.5/Engine/Source/Developer/CollectionManager/Public",
					"/Users/Shared/UnrealEngine/4.5/Engine/Source/Developer/CollectionManager",
					"/Users/Shared/UnrealEngine/4.5/Engine/Source/Editor/UnrealEd",
					"/Users/Shared/UnrealEngine/4.5/Engine/Source/Editor/Kismet/Classes",
					"/Users/Shared/UnrealEngine/4.5/Engine/Intermediate/Build/Mac/Inc/Kismet",
					"/Users/Shared/UnrealEngine/4.5/Engine/Source/Editor/Kismet/Public",
					"/Users/Shared/UnrealEngine/4.5/Engine/Source/Editor/Kismet/Public/WorkflowOrientedApp",
					"/Users/Shared/UnrealEngine/4.5/Engine/Source/Editor/Kismet",
				);
				ALWAYS_SEARCH_USER_PATHS = NO;
				CLANG_CXX_LANGUAGE_STANDARD = "c++0x";
				GCC_ENABLE_CPP_RTTI = NO;
				GCC_WARN_CHECK_SWITCH_STATEMENTS = NO;
				SUPPORTED_PLATFORMS = "macosx";
				ONLY_ACTIVE_ARCH = NO;
				USE_HEADERMAP = NO;
				SDKROOT = macosx;
				SYMROOT = Intermediate/Build;
			};
			name = DebugGame;
		};
		8CA5EF6672C374DB7D05FB2D /* Development */ = {
			isa = XCBuildConfiguration;
			buildSettings = {
				GCC_PREPROCESSOR_DEFINITIONS = (
					"UE_GAME=1",
					"IS_PROGRAM=0",
					"UE_ROCKET=1",
					"UNICODE",
					"_UNICODE",
					"__UNREAL__",
					"IS_MONOLITHIC=1",
					"WITH_ENGINE=1",
					"WITH_UNREAL_DEVELOPER_TOOLS=0",
					"WITH_COREUOBJECT=1",
					"USE_STATS_WITHOUT_ENGINE=0",
					"WITH_PLUGIN_SUPPORT=0",
					"USE_LOGGING_IN_SHIPPING=0",
					"UE_BUILD_MINIMAL=1",
					"WITH_EDITOR=1",
					"WITH_EDITORONLY_DATA=1",
					"WITH_SERVER_CODE=1",
					"UBT_COMPILED_PLATFORM=Mac",
					"PLATFORM_MAC=1",
					"PLATFORM_APPLE=1",
					"WITH_TTS=0",
					"WITH_SPEECH_RECOGNITION=0",
					"WITH_DATABASE_SUPPORT=0",
					"NDEBUG=1",
					"UE_BUILD_DEVELOPMENT=1",
					"UE_PROJECT_NAME=RTS",
					"RTS_API=",
					"UE_ENABLE_ICU=1",
					"WITH_STEAMWORKS=0",
					"WITH_DIRECTXMATH=0",
					"CORE_API=",
					"COREUOBJECT_API=",
					"WITH_PHYSX=1",
					"WITH_APEX=1",
					"WITH_RUNTIME_PHYSICS_COOKING",
					"WITH_BOX2D=0",
					"WITH_RECAST=1",
					"ENGINE_API=",
					"WITH_FREETYPE=1",
					"SLATE_API=",
					"INPUTCORE_API=",
					"SLATECORE_API=",
					"MESSAGING_API=",
					"RENDERCORE_API=",
					"RHI_API=",
					"SHADERCORE_API=",
					"ASSETREGISTRY_API=",
					"ENGINEMESSAGES_API=",
					"ENGINESETTINGS_API=",
					"SYNTHBENCHMARK_API=",
					"RENDERER_API=",
					"AIMODULE_API=",
					"UE_EDITOR=1",
					"UNREALED_API=",
					"BSPMODE_API=",
					"DOCUMENTATION_API=",
					"PROJECTS_API=",
					"SANDBOXFILE_API=",
					"EDITORSTYLE_API=",
					"SOURCECONTROL_API=",
					"UNREALEDMESSAGES_API=",
					"BLUEPRINTGRAPH_API=",
					"USERFEEDBACK_API=",
					"COLLECTIONMANAGER_API=",
					"KISMET_API=",
					"MONOLITHIC_BUILD=1",
				);
				HEADER_SEARCH_PATHS = (
				);
				USER_HEADER_SEARCH_PATHS = (
					"/Users/Shared/UnrealEngine/4.5/Engine/Source",
					"Source",
					"Intermediate/Build/Mac/RTS/Inc/RTS",
					"/Users/Shared/UnrealEngine/4.5/Engine/Source/Runtime/Core/Public",
					"/Users/Shared/UnrealEngine/4.5/Engine/Source/Runtime/Core/Public/Internationalization",
					"/Users/Shared/UnrealEngine/4.5/Engine/Source/Runtime/Core/Public/Async",
					"/Users/Shared/UnrealEngine/4.5/Engine/Source/Runtime/Core/Public/Concurrency",
					"/Users/Shared/UnrealEngine/4.5/Engine/Source/Runtime/Core/Public/Containers",
					"/Users/Shared/UnrealEngine/4.5/Engine/Source/Runtime/Core/Public/Delegates",
					"/Users/Shared/UnrealEngine/4.5/Engine/Source/Runtime/Core/Public/GenericPlatform",
					"/Users/Shared/UnrealEngine/4.5/Engine/Source/Runtime/Core/Public/HAL",
					"/Users/Shared/UnrealEngine/4.5/Engine/Source/Runtime/Core/Public/Logging",
					"/Users/Shared/UnrealEngine/4.5/Engine/Source/Runtime/Core/Public/Math",
					"/Users/Shared/UnrealEngine/4.5/Engine/Source/Runtime/Core/Public/Misc",
					"/Users/Shared/UnrealEngine/4.5/Engine/Source/Runtime/Core/Public/Modules",
					"/Users/Shared/UnrealEngine/4.5/Engine/Source/Runtime/Core/Public/Modules/Boilerplate",
					"/Users/Shared/UnrealEngine/4.5/Engine/Source/Runtime/Core/Public/ProfilingDebugging",
					"/Users/Shared/UnrealEngine/4.5/Engine/Source/Runtime/Core/Public/Serialization",
					"/Users/Shared/UnrealEngine/4.5/Engine/Source/Runtime/Core/Public/Serialization/Json",
					"/Users/Shared/UnrealEngine/4.5/Engine/Source/Runtime/Core/Public/Serialization/Csv",
					"/Users/Shared/UnrealEngine/4.5/Engine/Source/Runtime/Core/Public/Stats",
					"/Users/Shared/UnrealEngine/4.5/Engine/Source/Runtime/Core/Public/Templates",
					"/Users/Shared/UnrealEngine/4.5/Engine/Source/Runtime/Core/Public/UObject",
					"/Users/Shared/UnrealEngine/4.5/Engine/Source/Runtime/Core/Public/Apple",
					"/Users/Shared/UnrealEngine/4.5/Engine/Source/Runtime/Core/Public/Mac",
					"/Users/Shared/UnrealEngine/4.5/Engine/Source/Runtime/Core",
					"/Users/Shared/UnrealEngine/4.5/Engine/Source/Runtime/CoreUObject/Classes",
					"/Users/Shared/UnrealEngine/4.5/Engine/Intermediate/Build/Mac/Inc/CoreUObject",
					"/Users/Shared/UnrealEngine/4.5/Engine/Source/Runtime/CoreUObject/Public",
					"/Users/Shared/UnrealEngine/4.5/Engine/Source/Runtime/CoreUObject/Public/Blueprint",
					"/Users/Shared/UnrealEngine/4.5/Engine/Source/Runtime/CoreUObject/Public/Misc",
					"/Users/Shared/UnrealEngine/4.5/Engine/Source/Runtime/CoreUObject/Public/Serialization",
					"/Users/Shared/UnrealEngine/4.5/Engine/Source/Runtime/CoreUObject/Public/Templates",
					"/Users/Shared/UnrealEngine/4.5/Engine/Source/Runtime/CoreUObject/Public/UObject",
					"/Users/Shared/UnrealEngine/4.5/Engine/Source/Runtime/CoreUObject",
					"/Users/Shared/UnrealEngine/4.5/Engine/Source/Runtime/Engine/Classes",
					"/Users/Shared/UnrealEngine/4.5/Engine/Intermediate/Build/Mac/Inc/Engine",
					"/Users/Shared/UnrealEngine/4.5/Engine/Source/Runtime/Engine/Public",
					"/Users/Shared/UnrealEngine/4.5/Engine/Source/Runtime/Engine/Public/AI",
					"/Users/Shared/UnrealEngine/4.5/Engine/Source/Runtime/Engine/Public/EdGraph",
					"/Users/Shared/UnrealEngine/4.5/Engine/Source/Runtime/Engine/Public/Features",
					"/Users/Shared/UnrealEngine/4.5/Engine/Source/Runtime/Engine/Public/Landscape",
					"/Users/Shared/UnrealEngine/4.5/Engine/Source/Runtime/Engine/Public/Net",
					"/Users/Shared/UnrealEngine/4.5/Engine/Source/Runtime/Engine/Public/Slate",
					"/Users/Shared/UnrealEngine/4.5/Engine/Source/Runtime/Engine/Public/Tests",
					"/Users/Shared/UnrealEngine/4.5/Engine/Source/Runtime/Engine/Public/AI/Navigation",
					"/Users/Shared/UnrealEngine/4.5/Engine/Intermediate/Build/Mac/Inc/Slate",
					"/Users/Shared/UnrealEngine/4.5/Engine/Source/Runtime/Slate/Public",
					"/Users/Shared/UnrealEngine/4.5/Engine/Source/Runtime/Slate/Public/Framework",
					"/Users/Shared/UnrealEngine/4.5/Engine/Source/Runtime/Slate/Public/Widgets",
					"/Users/Shared/UnrealEngine/4.5/Engine/Source/Runtime/Slate/Public/Framework/Application",
					"/Users/Shared/UnrealEngine/4.5/Engine/Source/Runtime/Slate/Public/Framework/Commands",
					"/Users/Shared/UnrealEngine/4.5/Engine/Source/Runtime/Slate/Public/Framework/Docking",
					"/Users/Shared/UnrealEngine/4.5/Engine/Source/Runtime/Slate/Public/Framework/Layout",
					"/Users/Shared/UnrealEngine/4.5/Engine/Source/Runtime/Slate/Public/Framework/MultiBox",
					"/Users/Shared/UnrealEngine/4.5/Engine/Source/Runtime/Slate/Public/Framework/Notifications",
					"/Users/Shared/UnrealEngine/4.5/Engine/Source/Runtime/Slate/Public/Framework/Styling",
					"/Users/Shared/UnrealEngine/4.5/Engine/Source/Runtime/Slate/Public/Framework/Text",
					"/Users/Shared/UnrealEngine/4.5/Engine/Source/Runtime/Slate/Public/Framework/Views",
					"/Users/Shared/UnrealEngine/4.5/Engine/Source/Runtime/Slate/Public/Framework/Text/IOS",
					"/Users/Shared/UnrealEngine/4.5/Engine/Source/Runtime/Slate/Public/Widgets/Colors",
					"/Users/Shared/UnrealEngine/4.5/Engine/Source/Runtime/Slate/Public/Widgets/Docking",
					"/Users/Shared/UnrealEngine/4.5/Engine/Source/Runtime/Slate/Public/Widgets/Images",
					"/Users/Shared/UnrealEngine/4.5/Engine/Source/Runtime/Slate/Public/Widgets/Input",
					"/Users/Shared/UnrealEngine/4.5/Engine/Source/Runtime/Slate/Public/Widgets/Layout",
					"/Users/Shared/UnrealEngine/4.5/Engine/Source/Runtime/Slate/Public/Widgets/Navigation",
					"/Users/Shared/UnrealEngine/4.5/Engine/Source/Runtime/Slate/Public/Widgets/Notifications",
					"/Users/Shared/UnrealEngine/4.5/Engine/Source/Runtime/Slate/Public/Widgets/Text",
					"/Users/Shared/UnrealEngine/4.5/Engine/Source/Runtime/Slate/Public/Widgets/Views",
					"/Users/Shared/UnrealEngine/4.5/Engine/Source/Runtime/InputCore/Classes",
					"/Users/Shared/UnrealEngine/4.5/Engine/Intermediate/Build/Mac/Inc/InputCore",
					"/Users/Shared/UnrealEngine/4.5/Engine/Source/Runtime/InputCore/Public",
					"/Users/Shared/UnrealEngine/4.5/Engine/Source/Runtime/InputCore",
					"/Users/Shared/UnrealEngine/4.5/Engine/Intermediate/Build/Mac/Inc/SlateCore",
					"/Users/Shared/UnrealEngine/4.5/Engine/Source/Runtime/SlateCore/Public",
					"/Users/Shared/UnrealEngine/4.5/Engine/Source/Runtime/SlateCore/Public/Animation",
					"/Users/Shared/UnrealEngine/4.5/Engine/Source/Runtime/SlateCore/Public/Application",
					"/Users/Shared/UnrealEngine/4.5/Engine/Source/Runtime/SlateCore/Public/Brushes",
					"/Users/Shared/UnrealEngine/4.5/Engine/Source/Runtime/SlateCore/Public/Fonts",
					"/Users/Shared/UnrealEngine/4.5/Engine/Source/Runtime/SlateCore/Public/Input",
					"/Users/Shared/UnrealEngine/4.5/Engine/Source/Runtime/SlateCore/Public/Layout",
					"/Users/Shared/UnrealEngine/4.5/Engine/Source/Runtime/SlateCore/Public/Logging",
					"/Users/Shared/UnrealEngine/4.5/Engine/Source/Runtime/SlateCore/Public/Rendering",
					"/Users/Shared/UnrealEngine/4.5/Engine/Source/Runtime/SlateCore/Public/Sound",
					"/Users/Shared/UnrealEngine/4.5/Engine/Source/Runtime/SlateCore/Public/Styling",
					"/Users/Shared/UnrealEngine/4.5/Engine/Source/Runtime/SlateCore/Public/Textures",
					"/Users/Shared/UnrealEngine/4.5/Engine/Source/Runtime/SlateCore/Public/Types",
					"/Users/Shared/UnrealEngine/4.5/Engine/Source/Runtime/SlateCore/Public/Widgets",
					"/Users/Shared/UnrealEngine/4.5/Engine/Source/Runtime/SlateCore",
					"/Users/Shared/UnrealEngine/4.5/Engine/Source/Runtime/Slate",
					"/Users/Shared/UnrealEngine/4.5/Engine/Intermediate/Build/Mac/Inc/Messaging",
					"/Users/Shared/UnrealEngine/4.5/Engine/Source/Runtime/Messaging/Public",
					"/Users/Shared/UnrealEngine/4.5/Engine/Source/Runtime/Messaging/Public/Common",
					"/Users/Shared/UnrealEngine/4.5/Engine/Source/Runtime/Messaging/Public/Interfaces",
					"/Users/Shared/UnrealEngine/4.5/Engine/Source/Runtime/Messaging",
					"/Users/Shared/UnrealEngine/4.5/Engine/Intermediate/Build/Mac/Inc/RenderCore",
					"/Users/Shared/UnrealEngine/4.5/Engine/Source/Runtime/RenderCore/Public",
					"/Users/Shared/UnrealEngine/4.5/Engine/Source/Runtime/RenderCore",
					"/Users/Shared/UnrealEngine/4.5/Engine/Intermediate/Build/Mac/Inc/RHI",
					"/Users/Shared/UnrealEngine/4.5/Engine/Source/Runtime/RHI/Public",
					"/Users/Shared/UnrealEngine/4.5/Engine/Source/Runtime/RHI",
					"/Users/Shared/UnrealEngine/4.5/Engine/Intermediate/Build/Mac/Inc/ShaderCore",
					"/Users/Shared/UnrealEngine/4.5/Engine/Source/Runtime/ShaderCore/Public",
					"/Users/Shared/UnrealEngine/4.5/Engine/Source/Runtime/ShaderCore",
					"/Users/Shared/UnrealEngine/4.5/Engine/Intermediate/Build/Mac/Inc/AssetRegistry",
					"/Users/Shared/UnrealEngine/4.5/Engine/Source/Runtime/AssetRegistry/Public",
					"/Users/Shared/UnrealEngine/4.5/Engine/Source/Runtime/AssetRegistry",
					"/Users/Shared/UnrealEngine/4.5/Engine/Source/Runtime/EngineMessages/Classes",
					"/Users/Shared/UnrealEngine/4.5/Engine/Intermediate/Build/Mac/Inc/EngineMessages",
					"/Users/Shared/UnrealEngine/4.5/Engine/Source/Runtime/EngineMessages/Public",
					"/Users/Shared/UnrealEngine/4.5/Engine/Source/Runtime/EngineMessages",
					"/Users/Shared/UnrealEngine/4.5/Engine/Source/Runtime/EngineSettings/Classes",
					"/Users/Shared/UnrealEngine/4.5/Engine/Intermediate/Build/Mac/Inc/EngineSettings",
					"/Users/Shared/UnrealEngine/4.5/Engine/Source/Runtime/EngineSettings/Public",
					"/Users/Shared/UnrealEngine/4.5/Engine/Source/Runtime/EngineSettings",
					"/Users/Shared/UnrealEngine/4.5/Engine/Intermediate/Build/Mac/Inc/SynthBenchmark",
					"/Users/Shared/UnrealEngine/4.5/Engine/Source/Developer/SynthBenchmark/Public",
					"/Users/Shared/UnrealEngine/4.5/Engine/Intermediate/Build/Mac/Inc/Renderer",
					"/Users/Shared/UnrealEngine/4.5/Engine/Source/Runtime/Renderer/Public",
					"/Users/Shared/UnrealEngine/4.5/Engine/Source/Runtime/Renderer",
					"/Users/Shared/UnrealEngine/4.5/Engine/Source/Developer/SynthBenchmark",
					"/Users/Shared/UnrealEngine/4.5/Engine/Source/Runtime/AIModule/Public",
					"/Users/Shared/UnrealEngine/4.5/Engine/Source/Runtime/AIModule/Classes",
					"/Users/Shared/UnrealEngine/4.5/Engine/Intermediate/Build/Mac/Inc/AIModule",
					"/Users/Shared/UnrealEngine/4.5/Engine/Source/Runtime/AIModule",
					"/Users/Shared/UnrealEngine/4.5/Engine/Source/Runtime/Engine",
					"Source/RTS",
					"Intermediate/Build/Mac/Inc/RTS",
					"/Users/Shared/UnrealEngine/4.5/Engine/Source/Programs/UnrealLightmass/Public",
					"/Users/Shared/UnrealEngine/4.5/Engine/Source/Editor/UnrealEd/Classes",
					"/Users/Shared/UnrealEngine/4.5/Engine/Intermediate/Build/Mac/Inc/UnrealEd",
					"/Users/Shared/UnrealEngine/4.5/Engine/Source/Editor/UnrealEd/Public",
					"/Users/Shared/UnrealEngine/4.5/Engine/Source/Editor/UnrealEd/Public/Commandlets",
					"/Users/Shared/UnrealEngine/4.5/Engine/Source/Editor/UnrealEd/Public/Dialogs",
					"/Users/Shared/UnrealEngine/4.5/Engine/Source/Editor/UnrealEd/Public/DragAndDrop",
					"/Users/Shared/UnrealEngine/4.5/Engine/Source/Editor/UnrealEd/Public/Features",
					"/Users/Shared/UnrealEngine/4.5/Engine/Source/Editor/UnrealEd/Public/Kismet2",
					"/Users/Shared/UnrealEngine/4.5/Engine/Source/Editor/UnrealEd/Public/Layers",
					"/Users/Shared/UnrealEngine/4.5/Engine/Source/Editor/UnrealEd/Public/Tests",
					"/Users/Shared/UnrealEngine/4.5/Engine/Source/Editor/UnrealEd/Public/Toolkits",
					"/Users/Shared/UnrealEngine/4.5/Engine/Intermediate/Build/Mac/Inc/BspMode",
					"/Users/Shared/UnrealEngine/4.5/Engine/Source/Editor/BspMode/Public",
					"/Users/Shared/UnrealEngine/4.5/Engine/Source/Editor/BspMode",
					"/Users/Shared/UnrealEngine/4.5/Engine/Intermediate/Build/Mac/Inc/Documentation",
					"/Users/Shared/UnrealEngine/4.5/Engine/Source/Editor/Documentation/Public",
					"/Users/Shared/UnrealEngine/4.5/Engine/Source/Editor/Documentation",
					"/Users/Shared/UnrealEngine/4.5/Engine/Intermediate/Build/Mac/Inc/Projects",
					"/Users/Shared/UnrealEngine/4.5/Engine/Source/Runtime/Projects/Public",
					"/Users/Shared/UnrealEngine/4.5/Engine/Source/Runtime/Projects/Public/Interfaces",
					"/Users/Shared/UnrealEngine/4.5/Engine/Source/Runtime/Projects",
					"/Users/Shared/UnrealEngine/4.5/Engine/Intermediate/Build/Mac/Inc/SandboxFile",
					"/Users/Shared/UnrealEngine/4.5/Engine/Source/Runtime/SandboxFile/Public",
					"/Users/Shared/UnrealEngine/4.5/Engine/Source/Runtime/SandboxFile",
					"/Users/Shared/UnrealEngine/4.5/Engine/Intermediate/Build/Mac/Inc/EditorStyle",
					"/Users/Shared/UnrealEngine/4.5/Engine/Source/Editor/EditorStyle/Public",
					"/Users/Shared/UnrealEngine/4.5/Engine/Source/Editor/EditorStyle/Public/Classes",
					"/Users/Shared/UnrealEngine/4.5/Engine/Source/Editor/EditorStyle/Public/Interfaces",
					"/Users/Shared/UnrealEngine/4.5/Engine/Source/Editor/EditorStyle",
					"/Users/Shared/UnrealEngine/4.5/Engine/Intermediate/Build/Mac/Inc/SourceControl",
					"/Users/Shared/UnrealEngine/4.5/Engine/Source/Developer/SourceControl/Public",
					"/Users/Shared/UnrealEngine/4.5/Engine/Source/Developer/SourceControl/Public/Tests",
					"/Users/Shared/UnrealEngine/4.5/Engine/Source/Developer/SourceControl",
					"/Users/Shared/UnrealEngine/4.5/Engine/Source/Editor/UnrealEdMessages/Classes",
					"/Users/Shared/UnrealEngine/4.5/Engine/Intermediate/Build/Mac/Inc/UnrealEdMessages",
					"/Users/Shared/UnrealEngine/4.5/Engine/Source/Editor/UnrealEdMessages/Public",
					"/Users/Shared/UnrealEngine/4.5/Engine/Source/Editor/UnrealEdMessages",
					"/Users/Shared/UnrealEngine/4.5/Engine/Source/Editor/BlueprintGraph/Classes",
					"/Users/Shared/UnrealEngine/4.5/Engine/Intermediate/Build/Mac/Inc/BlueprintGraph",
					"/Users/Shared/UnrealEngine/4.5/Engine/Source/Editor/BlueprintGraph/Public",
					"/Users/Shared/UnrealEngine/4.5/Engine/Source/Editor/BlueprintGraph",
					"/Users/Shared/UnrealEngine/4.5/Engine/Intermediate/Build/Mac/Inc/UserFeedback",
					"/Users/Shared/UnrealEngine/4.5/Engine/Source/Editor/UserFeedback/Public",
					"/Users/Shared/UnrealEngine/4.5/Engine/Source/Editor/UserFeedback",
					"/Users/Shared/UnrealEngine/4.5/Engine/Intermediate/Build/Mac/Inc/CollectionManager",
					"/Users/Shared/UnrealEngine/4.5/Engine/Source/Developer/CollectionManager/Public",
					"/Users/Shared/UnrealEngine/4.5/Engine/Source/Developer/CollectionManager",
					"/Users/Shared/UnrealEngine/4.5/Engine/Source/Editor/UnrealEd",
					"/Users/Shared/UnrealEngine/4.5/Engine/Source/Editor/Kismet/Classes",
					"/Users/Shared/UnrealEngine/4.5/Engine/Intermediate/Build/Mac/Inc/Kismet",
					"/Users/Shared/UnrealEngine/4.5/Engine/Source/Editor/Kismet/Public",
					"/Users/Shared/UnrealEngine/4.5/Engine/Source/Editor/Kismet/Public/WorkflowOrientedApp",
					"/Users/Shared/UnrealEngine/4.5/Engine/Source/Editor/Kismet",
				);
				ALWAYS_SEARCH_USER_PATHS = NO;
				CLANG_CXX_LANGUAGE_STANDARD = "c++0x";
				GCC_ENABLE_CPP_RTTI = NO;
				GCC_WARN_CHECK_SWITCH_STATEMENTS = NO;
				SUPPORTED_PLATFORMS = "macosx";
				ONLY_ACTIVE_ARCH = NO;
				USE_HEADERMAP = NO;
				SDKROOT = macosx;
				SYMROOT = Intermediate/Build;
			};
			name = Development;
		};
		946A116CFB87339CF0E95285 /* Shipping */ = {
			isa = XCBuildConfiguration;
			buildSettings = {
				GCC_PREPROCESSOR_DEFINITIONS = (
					"UE_GAME=1",
					"IS_PROGRAM=0",
					"UE_ROCKET=1",
					"UNICODE",
					"_UNICODE",
					"__UNREAL__",
					"IS_MONOLITHIC=1",
					"WITH_ENGINE=1",
					"WITH_UNREAL_DEVELOPER_TOOLS=0",
					"WITH_COREUOBJECT=1",
					"USE_STATS_WITHOUT_ENGINE=0",
					"WITH_PLUGIN_SUPPORT=0",
					"USE_LOGGING_IN_SHIPPING=0",
					"UE_BUILD_MINIMAL=1",
					"WITH_EDITOR=1",
					"WITH_EDITORONLY_DATA=1",
					"WITH_SERVER_CODE=1",
					"UBT_COMPILED_PLATFORM=Mac",
					"PLATFORM_MAC=1",
					"PLATFORM_APPLE=1",
					"WITH_TTS=0",
					"WITH_SPEECH_RECOGNITION=0",
					"WITH_DATABASE_SUPPORT=0",
					"NDEBUG=1",
					"UE_BUILD_DEVELOPMENT=1",
					"UE_PROJECT_NAME=RTS",
					"RTS_API=",
					"UE_ENABLE_ICU=1",
					"WITH_STEAMWORKS=0",
					"WITH_DIRECTXMATH=0",
					"CORE_API=",
					"COREUOBJECT_API=",
					"WITH_PHYSX=1",
					"WITH_APEX=1",
					"WITH_RUNTIME_PHYSICS_COOKING",
					"WITH_BOX2D=0",
					"WITH_RECAST=1",
					"ENGINE_API=",
					"WITH_FREETYPE=1",
					"SLATE_API=",
					"INPUTCORE_API=",
					"SLATECORE_API=",
					"MESSAGING_API=",
					"RENDERCORE_API=",
					"RHI_API=",
					"SHADERCORE_API=",
					"ASSETREGISTRY_API=",
					"ENGINEMESSAGES_API=",
					"ENGINESETTINGS_API=",
					"SYNTHBENCHMARK_API=",
					"RENDERER_API=",
					"AIMODULE_API=",
					"UE_EDITOR=1",
					"UNREALED_API=",
					"BSPMODE_API=",
					"DOCUMENTATION_API=",
					"PROJECTS_API=",
					"SANDBOXFILE_API=",
					"EDITORSTYLE_API=",
					"SOURCECONTROL_API=",
					"UNREALEDMESSAGES_API=",
					"BLUEPRINTGRAPH_API=",
					"USERFEEDBACK_API=",
					"COLLECTIONMANAGER_API=",
					"KISMET_API=",
					"MONOLITHIC_BUILD=1",
				);
				HEADER_SEARCH_PATHS = (
				);
				USER_HEADER_SEARCH_PATHS = (
					"/Users/Shared/UnrealEngine/4.5/Engine/Source",
					"Source",
					"Intermediate/Build/Mac/RTS/Inc/RTS",
					"/Users/Shared/UnrealEngine/4.5/Engine/Source/Runtime/Core/Public",
					"/Users/Shared/UnrealEngine/4.5/Engine/Source/Runtime/Core/Public/Internationalization",
					"/Users/Shared/UnrealEngine/4.5/Engine/Source/Runtime/Core/Public/Async",
					"/Users/Shared/UnrealEngine/4.5/Engine/Source/Runtime/Core/Public/Concurrency",
					"/Users/Shared/UnrealEngine/4.5/Engine/Source/Runtime/Core/Public/Containers",
					"/Users/Shared/UnrealEngine/4.5/Engine/Source/Runtime/Core/Public/Delegates",
					"/Users/Shared/UnrealEngine/4.5/Engine/Source/Runtime/Core/Public/GenericPlatform",
					"/Users/Shared/UnrealEngine/4.5/Engine/Source/Runtime/Core/Public/HAL",
					"/Users/Shared/UnrealEngine/4.5/Engine/Source/Runtime/Core/Public/Logging",
					"/Users/Shared/UnrealEngine/4.5/Engine/Source/Runtime/Core/Public/Math",
					"/Users/Shared/UnrealEngine/4.5/Engine/Source/Runtime/Core/Public/Misc",
					"/Users/Shared/UnrealEngine/4.5/Engine/Source/Runtime/Core/Public/Modules",
					"/Users/Shared/UnrealEngine/4.5/Engine/Source/Runtime/Core/Public/Modules/Boilerplate",
					"/Users/Shared/UnrealEngine/4.5/Engine/Source/Runtime/Core/Public/ProfilingDebugging",
					"/Users/Shared/UnrealEngine/4.5/Engine/Source/Runtime/Core/Public/Serialization",
					"/Users/Shared/UnrealEngine/4.5/Engine/Source/Runtime/Core/Public/Serialization/Json",
					"/Users/Shared/UnrealEngine/4.5/Engine/Source/Runtime/Core/Public/Serialization/Csv",
					"/Users/Shared/UnrealEngine/4.5/Engine/Source/Runtime/Core/Public/Stats",
					"/Users/Shared/UnrealEngine/4.5/Engine/Source/Runtime/Core/Public/Templates",
					"/Users/Shared/UnrealEngine/4.5/Engine/Source/Runtime/Core/Public/UObject",
					"/Users/Shared/UnrealEngine/4.5/Engine/Source/Runtime/Core/Public/Apple",
					"/Users/Shared/UnrealEngine/4.5/Engine/Source/Runtime/Core/Public/Mac",
					"/Users/Shared/UnrealEngine/4.5/Engine/Source/Runtime/Core",
					"/Users/Shared/UnrealEngine/4.5/Engine/Source/Runtime/CoreUObject/Classes",
					"/Users/Shared/UnrealEngine/4.5/Engine/Intermediate/Build/Mac/Inc/CoreUObject",
					"/Users/Shared/UnrealEngine/4.5/Engine/Source/Runtime/CoreUObject/Public",
					"/Users/Shared/UnrealEngine/4.5/Engine/Source/Runtime/CoreUObject/Public/Blueprint",
					"/Users/Shared/UnrealEngine/4.5/Engine/Source/Runtime/CoreUObject/Public/Misc",
					"/Users/Shared/UnrealEngine/4.5/Engine/Source/Runtime/CoreUObject/Public/Serialization",
					"/Users/Shared/UnrealEngine/4.5/Engine/Source/Runtime/CoreUObject/Public/Templates",
					"/Users/Shared/UnrealEngine/4.5/Engine/Source/Runtime/CoreUObject/Public/UObject",
					"/Users/Shared/UnrealEngine/4.5/Engine/Source/Runtime/CoreUObject",
					"/Users/Shared/UnrealEngine/4.5/Engine/Source/Runtime/Engine/Classes",
					"/Users/Shared/UnrealEngine/4.5/Engine/Intermediate/Build/Mac/Inc/Engine",
					"/Users/Shared/UnrealEngine/4.5/Engine/Source/Runtime/Engine/Public",
					"/Users/Shared/UnrealEngine/4.5/Engine/Source/Runtime/Engine/Public/AI",
					"/Users/Shared/UnrealEngine/4.5/Engine/Source/Runtime/Engine/Public/EdGraph",
					"/Users/Shared/UnrealEngine/4.5/Engine/Source/Runtime/Engine/Public/Features",
					"/Users/Shared/UnrealEngine/4.5/Engine/Source/Runtime/Engine/Public/Landscape",
					"/Users/Shared/UnrealEngine/4.5/Engine/Source/Runtime/Engine/Public/Net",
					"/Users/Shared/UnrealEngine/4.5/Engine/Source/Runtime/Engine/Public/Slate",
					"/Users/Shared/UnrealEngine/4.5/Engine/Source/Runtime/Engine/Public/Tests",
					"/Users/Shared/UnrealEngine/4.5/Engine/Source/Runtime/Engine/Public/AI/Navigation",
					"/Users/Shared/UnrealEngine/4.5/Engine/Intermediate/Build/Mac/Inc/Slate",
					"/Users/Shared/UnrealEngine/4.5/Engine/Source/Runtime/Slate/Public",
					"/Users/Shared/UnrealEngine/4.5/Engine/Source/Runtime/Slate/Public/Framework",
					"/Users/Shared/UnrealEngine/4.5/Engine/Source/Runtime/Slate/Public/Widgets",
					"/Users/Shared/UnrealEngine/4.5/Engine/Source/Runtime/Slate/Public/Framework/Application",
					"/Users/Shared/UnrealEngine/4.5/Engine/Source/Runtime/Slate/Public/Framework/Commands",
					"/Users/Shared/UnrealEngine/4.5/Engine/Source/Runtime/Slate/Public/Framework/Docking",
					"/Users/Shared/UnrealEngine/4.5/Engine/Source/Runtime/Slate/Public/Framework/Layout",
					"/Users/Shared/UnrealEngine/4.5/Engine/Source/Runtime/Slate/Public/Framework/MultiBox",
					"/Users/Shared/UnrealEngine/4.5/Engine/Source/Runtime/Slate/Public/Framework/Notifications",
					"/Users/Shared/UnrealEngine/4.5/Engine/Source/Runtime/Slate/Public/Framework/Styling",
					"/Users/Shared/UnrealEngine/4.5/Engine/Source/Runtime/Slate/Public/Framework/Text",
					"/Users/Shared/UnrealEngine/4.5/Engine/Source/Runtime/Slate/Public/Framework/Views",
					"/Users/Shared/UnrealEngine/4.5/Engine/Source/Runtime/Slate/Public/Framework/Text/IOS",
					"/Users/Shared/UnrealEngine/4.5/Engine/Source/Runtime/Slate/Public/Widgets/Colors",
					"/Users/Shared/UnrealEngine/4.5/Engine/Source/Runtime/Slate/Public/Widgets/Docking",
					"/Users/Shared/UnrealEngine/4.5/Engine/Source/Runtime/Slate/Public/Widgets/Images",
					"/Users/Shared/UnrealEngine/4.5/Engine/Source/Runtime/Slate/Public/Widgets/Input",
					"/Users/Shared/UnrealEngine/4.5/Engine/Source/Runtime/Slate/Public/Widgets/Layout",
					"/Users/Shared/UnrealEngine/4.5/Engine/Source/Runtime/Slate/Public/Widgets/Navigation",
					"/Users/Shared/UnrealEngine/4.5/Engine/Source/Runtime/Slate/Public/Widgets/Notifications",
					"/Users/Shared/UnrealEngine/4.5/Engine/Source/Runtime/Slate/Public/Widgets/Text",
					"/Users/Shared/UnrealEngine/4.5/Engine/Source/Runtime/Slate/Public/Widgets/Views",
					"/Users/Shared/UnrealEngine/4.5/Engine/Source/Runtime/InputCore/Classes",
					"/Users/Shared/UnrealEngine/4.5/Engine/Intermediate/Build/Mac/Inc/InputCore",
					"/Users/Shared/UnrealEngine/4.5/Engine/Source/Runtime/InputCore/Public",
					"/Users/Shared/UnrealEngine/4.5/Engine/Source/Runtime/InputCore",
					"/Users/Shared/UnrealEngine/4.5/Engine/Intermediate/Build/Mac/Inc/SlateCore",
					"/Users/Shared/UnrealEngine/4.5/Engine/Source/Runtime/SlateCore/Public",
					"/Users/Shared/UnrealEngine/4.5/Engine/Source/Runtime/SlateCore/Public/Animation",
					"/Users/Shared/UnrealEngine/4.5/Engine/Source/Runtime/SlateCore/Public/Application",
					"/Users/Shared/UnrealEngine/4.5/Engine/Source/Runtime/SlateCore/Public/Brushes",
					"/Users/Shared/UnrealEngine/4.5/Engine/Source/Runtime/SlateCore/Public/Fonts",
					"/Users/Shared/UnrealEngine/4.5/Engine/Source/Runtime/SlateCore/Public/Input",
					"/Users/Shared/UnrealEngine/4.5/Engine/Source/Runtime/SlateCore/Public/Layout",
					"/Users/Shared/UnrealEngine/4.5/Engine/Source/Runtime/SlateCore/Public/Logging",
					"/Users/Shared/UnrealEngine/4.5/Engine/Source/Runtime/SlateCore/Public/Rendering",
					"/Users/Shared/UnrealEngine/4.5/Engine/Source/Runtime/SlateCore/Public/Sound",
					"/Users/Shared/UnrealEngine/4.5/Engine/Source/Runtime/SlateCore/Public/Styling",
					"/Users/Shared/UnrealEngine/4.5/Engine/Source/Runtime/SlateCore/Public/Textures",
					"/Users/Shared/UnrealEngine/4.5/Engine/Source/Runtime/SlateCore/Public/Types",
					"/Users/Shared/UnrealEngine/4.5/Engine/Source/Runtime/SlateCore/Public/Widgets",
					"/Users/Shared/UnrealEngine/4.5/Engine/Source/Runtime/SlateCore",
					"/Users/Shared/UnrealEngine/4.5/Engine/Source/Runtime/Slate",
					"/Users/Shared/UnrealEngine/4.5/Engine/Intermediate/Build/Mac/Inc/Messaging",
					"/Users/Shared/UnrealEngine/4.5/Engine/Source/Runtime/Messaging/Public",
					"/Users/Shared/UnrealEngine/4.5/Engine/Source/Runtime/Messaging/Public/Common",
					"/Users/Shared/UnrealEngine/4.5/Engine/Source/Runtime/Messaging/Public/Interfaces",
					"/Users/Shared/UnrealEngine/4.5/Engine/Source/Runtime/Messaging",
					"/Users/Shared/UnrealEngine/4.5/Engine/Intermediate/Build/Mac/Inc/RenderCore",
					"/Users/Shared/UnrealEngine/4.5/Engine/Source/Runtime/RenderCore/Public",
					"/Users/Shared/UnrealEngine/4.5/Engine/Source/Runtime/RenderCore",
					"/Users/Shared/UnrealEngine/4.5/Engine/Intermediate/Build/Mac/Inc/RHI",
					"/Users/Shared/UnrealEngine/4.5/Engine/Source/Runtime/RHI/Public",
					"/Users/Shared/UnrealEngine/4.5/Engine/Source/Runtime/RHI",
					"/Users/Shared/UnrealEngine/4.5/Engine/Intermediate/Build/Mac/Inc/ShaderCore",
					"/Users/Shared/UnrealEngine/4.5/Engine/Source/Runtime/ShaderCore/Public",
					"/Users/Shared/UnrealEngine/4.5/Engine/Source/Runtime/ShaderCore",
					"/Users/Shared/UnrealEngine/4.5/Engine/Intermediate/Build/Mac/Inc/AssetRegistry",
					"/Users/Shared/UnrealEngine/4.5/Engine/Source/Runtime/AssetRegistry/Public",
					"/Users/Shared/UnrealEngine/4.5/Engine/Source/Runtime/AssetRegistry",
					"/Users/Shared/UnrealEngine/4.5/Engine/Source/Runtime/EngineMessages/Classes",
					"/Users/Shared/UnrealEngine/4.5/Engine/Intermediate/Build/Mac/Inc/EngineMessages",
					"/Users/Shared/UnrealEngine/4.5/Engine/Source/Runtime/EngineMessages/Public",
					"/Users/Shared/UnrealEngine/4.5/Engine/Source/Runtime/EngineMessages",
					"/Users/Shared/UnrealEngine/4.5/Engine/Source/Runtime/EngineSettings/Classes",
					"/Users/Shared/UnrealEngine/4.5/Engine/Intermediate/Build/Mac/Inc/EngineSettings",
					"/Users/Shared/UnrealEngine/4.5/Engine/Source/Runtime/EngineSettings/Public",
					"/Users/Shared/UnrealEngine/4.5/Engine/Source/Runtime/EngineSettings",
					"/Users/Shared/UnrealEngine/4.5/Engine/Intermediate/Build/Mac/Inc/SynthBenchmark",
					"/Users/Shared/UnrealEngine/4.5/Engine/Source/Developer/SynthBenchmark/Public",
					"/Users/Shared/UnrealEngine/4.5/Engine/Intermediate/Build/Mac/Inc/Renderer",
					"/Users/Shared/UnrealEngine/4.5/Engine/Source/Runtime/Renderer/Public",
					"/Users/Shared/UnrealEngine/4.5/Engine/Source/Runtime/Renderer",
					"/Users/Shared/UnrealEngine/4.5/Engine/Source/Developer/SynthBenchmark",
					"/Users/Shared/UnrealEngine/4.5/Engine/Source/Runtime/AIModule/Public",
					"/Users/Shared/UnrealEngine/4.5/Engine/Source/Runtime/AIModule/Classes",
					"/Users/Shared/UnrealEngine/4.5/Engine/Intermediate/Build/Mac/Inc/AIModule",
					"/Users/Shared/UnrealEngine/4.5/Engine/Source/Runtime/AIModule",
					"/Users/Shared/UnrealEngine/4.5/Engine/Source/Runtime/Engine",
					"Source/RTS",
					"Intermediate/Build/Mac/Inc/RTS",
					"/Users/Shared/UnrealEngine/4.5/Engine/Source/Programs/UnrealLightmass/Public",
					"/Users/Shared/UnrealEngine/4.5/Engine/Source/Editor/UnrealEd/Classes",
					"/Users/Shared/UnrealEngine/4.5/Engine/Intermediate/Build/Mac/Inc/UnrealEd",
					"/Users/Shared/UnrealEngine/4.5/Engine/Source/Editor/UnrealEd/Public",
					"/Users/Shared/UnrealEngine/4.5/Engine/Source/Editor/UnrealEd/Public/Commandlets",
					"/Users/Shared/UnrealEngine/4.5/Engine/Source/Editor/UnrealEd/Public/Dialogs",
					"/Users/Shared/UnrealEngine/4.5/Engine/Source/Editor/UnrealEd/Public/DragAndDrop",
					"/Users/Shared/UnrealEngine/4.5/Engine/Source/Editor/UnrealEd/Public/Features",
					"/Users/Shared/UnrealEngine/4.5/Engine/Source/Editor/UnrealEd/Public/Kismet2",
					"/Users/Shared/UnrealEngine/4.5/Engine/Source/Editor/UnrealEd/Public/Layers",
					"/Users/Shared/UnrealEngine/4.5/Engine/Source/Editor/UnrealEd/Public/Tests",
					"/Users/Shared/UnrealEngine/4.5/Engine/Source/Editor/UnrealEd/Public/Toolkits",
					"/Users/Shared/UnrealEngine/4.5/Engine/Intermediate/Build/Mac/Inc/BspMode",
					"/Users/Shared/UnrealEngine/4.5/Engine/Source/Editor/BspMode/Public",
					"/Users/Shared/UnrealEngine/4.5/Engine/Source/Editor/BspMode",
					"/Users/Shared/UnrealEngine/4.5/Engine/Intermediate/Build/Mac/Inc/Documentation",
					"/Users/Shared/UnrealEngine/4.5/Engine/Source/Editor/Documentation/Public",
					"/Users/Shared/UnrealEngine/4.5/Engine/Source/Editor/Documentation",
					"/Users/Shared/UnrealEngine/4.5/Engine/Intermediate/Build/Mac/Inc/Projects",
					"/Users/Shared/UnrealEngine/4.5/Engine/Source/Runtime/Projects/Public",
					"/Users/Shared/UnrealEngine/4.5/Engine/Source/Runtime/Projects/Public/Interfaces",
					"/Users/Shared/UnrealEngine/4.5/Engine/Source/Runtime/Projects",
					"/Users/Shared/UnrealEngine/4.5/Engine/Intermediate/Build/Mac/Inc/SandboxFile",
					"/Users/Shared/UnrealEngine/4.5/Engine/Source/Runtime/SandboxFile/Public",
					"/Users/Shared/UnrealEngine/4.5/Engine/Source/Runtime/SandboxFile",
					"/Users/Shared/UnrealEngine/4.5/Engine/Intermediate/Build/Mac/Inc/EditorStyle",
					"/Users/Shared/UnrealEngine/4.5/Engine/Source/Editor/EditorStyle/Public",
					"/Users/Shared/UnrealEngine/4.5/Engine/Source/Editor/EditorStyle/Public/Classes",
					"/Users/Shared/UnrealEngine/4.5/Engine/Source/Editor/EditorStyle/Public/Interfaces",
					"/Users/Shared/UnrealEngine/4.5/Engine/Source/Editor/EditorStyle",
					"/Users/Shared/UnrealEngine/4.5/Engine/Intermediate/Build/Mac/Inc/SourceControl",
					"/Users/Shared/UnrealEngine/4.5/Engine/Source/Developer/SourceControl/Public",
					"/Users/Shared/UnrealEngine/4.5/Engine/Source/Developer/SourceControl/Public/Tests",
					"/Users/Shared/UnrealEngine/4.5/Engine/Source/Developer/SourceControl",
					"/Users/Shared/UnrealEngine/4.5/Engine/Source/Editor/UnrealEdMessages/Classes",
					"/Users/Shared/UnrealEngine/4.5/Engine/Intermediate/Build/Mac/Inc/UnrealEdMessages",
					"/Users/Shared/UnrealEngine/4.5/Engine/Source/Editor/UnrealEdMessages/Public",
					"/Users/Shared/UnrealEngine/4.5/Engine/Source/Editor/UnrealEdMessages",
					"/Users/Shared/UnrealEngine/4.5/Engine/Source/Editor/BlueprintGraph/Classes",
					"/Users/Shared/UnrealEngine/4.5/Engine/Intermediate/Build/Mac/Inc/BlueprintGraph",
					"/Users/Shared/UnrealEngine/4.5/Engine/Source/Editor/BlueprintGraph/Public",
					"/Users/Shared/UnrealEngine/4.5/Engine/Source/Editor/BlueprintGraph",
					"/Users/Shared/UnrealEngine/4.5/Engine/Intermediate/Build/Mac/Inc/UserFeedback",
					"/Users/Shared/UnrealEngine/4.5/Engine/Source/Editor/UserFeedback/Public",
					"/Users/Shared/UnrealEngine/4.5/Engine/Source/Editor/UserFeedback",
					"/Users/Shared/UnrealEngine/4.5/Engine/Intermediate/Build/Mac/Inc/CollectionManager",
					"/Users/Shared/UnrealEngine/4.5/Engine/Source/Developer/CollectionManager/Public",
					"/Users/Shared/UnrealEngine/4.5/Engine/Source/Developer/CollectionManager",
					"/Users/Shared/UnrealEngine/4.5/Engine/Source/Editor/UnrealEd",
					"/Users/Shared/UnrealEngine/4.5/Engine/Source/Editor/Kismet/Classes",
					"/Users/Shared/UnrealEngine/4.5/Engine/Intermediate/Build/Mac/Inc/Kismet",
					"/Users/Shared/UnrealEngine/4.5/Engine/Source/Editor/Kismet/Public",
					"/Users/Shared/UnrealEngine/4.5/Engine/Source/Editor/Kismet/Public/WorkflowOrientedApp",
					"/Users/Shared/UnrealEngine/4.5/Engine/Source/Editor/Kismet",
				);
				ALWAYS_SEARCH_USER_PATHS = NO;
				CLANG_CXX_LANGUAGE_STANDARD = "c++0x";
				GCC_ENABLE_CPP_RTTI = NO;
				GCC_WARN_CHECK_SWITCH_STATEMENTS = NO;
				SUPPORTED_PLATFORMS = "macosx";
				ONLY_ACTIVE_ARCH = NO;
				USE_HEADERMAP = NO;
				SDKROOT = macosx;
				SYMROOT = Intermediate/Build;
			};
			name = Shipping;
		};
		7A3B692D8EC585BB3FD0F8FD /* DebugGame */ = {
			isa = XCBuildConfiguration;
			buildSettings = {
				ALWAYS_SEARCH_USER_PATHS = NO;
				BUNDLE_LOADER = "Binaries/IOS/Payload/UE4CmdLineRun.app/UE4CmdLineRun";
				CLANG_CXX_LANGUAGE_STANDARD = "gnu++0x";
				CLANG_CXX_LIBRARY = "libc++";
				CLANG_ENABLE_MODULES = YES;
				CLANG_ENABLE_OBJC_ARC = YES;
				CODE_SIGN_IDENTITY = "iPhone Developer";
				CODE_SIGN_RESOURCE_RULES_PATH = "/Users/Shared/UnrealEngine/4.5/Engine/Build/iOS/XcodeSupportFiles/CustomResourceRules.plist";
				COPY_PHASE_STRIP = NO;
				FRAMEWORK_SEARCH_PATHS = (
					"$(SDKROOT)/Developer/Library/Frameworks",
					"$(inherited)",
					"$(DEVELOPER_FRAMEWORKS_DIR)",
				);
				GCC_C_LANGUAGE_STANDARD = gnu99;
				DYNAMIC_NO_PIC = NO;
				OPTIMIZATION_LEVEL = 0;
				GCC_PRECOMPILE_PREFIX_HEADER = NO;
				GCC_PREPROCESSOR_DEFINITIONS = (
					"DEBUG=1",
					"$(inherited)",
				);
				GCC_SYMBOLS_PRIVATE_EXTERN = NO;
				INFOPLIST_FILE = "/Users/Shared/UnrealEngine/4.5/Engine/Build/IOS/UE4CmdLineRun/UE4CmdLineRun-Info.plist";
				SYMROOT = "Binaries/IOS";
				OBJROOT = "Intermediate/IOS/build";
				CONFIGURATION_BUILD_DIR = "Binaries/IOS/Payload";
				SUPPORTED_PLATFORMS = "iphoneos iphonesimulator";
				IPHONEOS_DEPLOYMENT_TARGET = 7.0;
				ONLY_ACTIVE_ARCH = NO;
				PRODUCT_NAME = "$(TARGET_NAME)";
				SDKROOT = iphoneos;
				TEST_HOST = "$(BUNDLE_LOADER)";
				WRAPPER_EXTENSION = xctest;
				GCC_PREPROCESSOR_DEFINITIONS = (
				);
				HEADER_SEARCH_PATHS = (
				);
				USER_HEADER_SEARCH_PATHS = (
				);
			};
			name = DebugGame;
		};
		6029578830DA638243DE8E0B /* Development */ = {
			isa = XCBuildConfiguration;
			buildSettings = {
				ALWAYS_SEARCH_USER_PATHS = NO;
				BUNDLE_LOADER = "Binaries/IOS/Payload/UE4CmdLineRun.app/UE4CmdLineRun";
				CLANG_CXX_LANGUAGE_STANDARD = "gnu++0x";
				CLANG_CXX_LIBRARY = "libc++";
				CLANG_ENABLE_MODULES = YES;
				CLANG_ENABLE_OBJC_ARC = YES;
				CODE_SIGN_IDENTITY = "iPhone Developer";
				CODE_SIGN_RESOURCE_RULES_PATH = "/Users/Shared/UnrealEngine/4.5/Engine/Build/iOS/XcodeSupportFiles/CustomResourceRules.plist";
				COPY_PHASE_STRIP = NO;
				FRAMEWORK_SEARCH_PATHS = (
					"$(SDKROOT)/Developer/Library/Frameworks",
					"$(inherited)",
					"$(DEVELOPER_FRAMEWORKS_DIR)",
				);
				GCC_C_LANGUAGE_STANDARD = gnu99;
				DYNAMIC_NO_PIC = NO;
				OPTIMIZATION_LEVEL = 0;
				GCC_PRECOMPILE_PREFIX_HEADER = NO;
				GCC_PREPROCESSOR_DEFINITIONS = (
					"DEBUG=1",
					"$(inherited)",
				);
				GCC_SYMBOLS_PRIVATE_EXTERN = NO;
				INFOPLIST_FILE = "/Users/Shared/UnrealEngine/4.5/Engine/Build/IOS/UE4CmdLineRun/UE4CmdLineRun-Info.plist";
				SYMROOT = "Binaries/IOS";
				OBJROOT = "Intermediate/IOS/build";
				CONFIGURATION_BUILD_DIR = "Binaries/IOS/Payload";
				SUPPORTED_PLATFORMS = "iphoneos iphonesimulator";
				IPHONEOS_DEPLOYMENT_TARGET = 7.0;
				ONLY_ACTIVE_ARCH = NO;
				PRODUCT_NAME = "$(TARGET_NAME)";
				SDKROOT = iphoneos;
				TEST_HOST = "$(BUNDLE_LOADER)";
				WRAPPER_EXTENSION = xctest;
				GCC_PREPROCESSOR_DEFINITIONS = (
				);
				HEADER_SEARCH_PATHS = (
				);
				USER_HEADER_SEARCH_PATHS = (
				);
			};
			name = Development;
		};
		85596FB6CE91F8C3DCE657E0 /* Shipping */ = {
			isa = XCBuildConfiguration;
			buildSettings = {
				ALWAYS_SEARCH_USER_PATHS = NO;
				BUNDLE_LOADER = "Binaries/IOS/Payload/UE4CmdLineRun.app/UE4CmdLineRun";
				CLANG_CXX_LANGUAGE_STANDARD = "gnu++0x";
				CLANG_CXX_LIBRARY = "libc++";
				CLANG_ENABLE_MODULES = YES;
				CLANG_ENABLE_OBJC_ARC = YES;
				CODE_SIGN_IDENTITY = "iPhone Developer";
				CODE_SIGN_RESOURCE_RULES_PATH = "/Users/Shared/UnrealEngine/4.5/Engine/Build/iOS/XcodeSupportFiles/CustomResourceRules.plist";
				COPY_PHASE_STRIP = NO;
				FRAMEWORK_SEARCH_PATHS = (
					"$(SDKROOT)/Developer/Library/Frameworks",
					"$(inherited)",
					"$(DEVELOPER_FRAMEWORKS_DIR)",
				);
				GCC_C_LANGUAGE_STANDARD = gnu99;
				DYNAMIC_NO_PIC = NO;
				OPTIMIZATION_LEVEL = 0;
				GCC_PRECOMPILE_PREFIX_HEADER = NO;
				GCC_PREPROCESSOR_DEFINITIONS = (
					"DEBUG=1",
					"$(inherited)",
				);
				GCC_SYMBOLS_PRIVATE_EXTERN = NO;
				INFOPLIST_FILE = "/Users/Shared/UnrealEngine/4.5/Engine/Build/IOS/UE4CmdLineRun/UE4CmdLineRun-Info.plist";
				SYMROOT = "Binaries/IOS";
				OBJROOT = "Intermediate/IOS/build";
				CONFIGURATION_BUILD_DIR = "Binaries/IOS/Payload";
				SUPPORTED_PLATFORMS = "iphoneos iphonesimulator";
				IPHONEOS_DEPLOYMENT_TARGET = 7.0;
				ONLY_ACTIVE_ARCH = NO;
				PRODUCT_NAME = "$(TARGET_NAME)";
				SDKROOT = iphoneos;
				TEST_HOST = "$(BUNDLE_LOADER)";
				WRAPPER_EXTENSION = xctest;
				GCC_PREPROCESSOR_DEFINITIONS = (
				);
				HEADER_SEARCH_PATHS = (
				);
				USER_HEADER_SEARCH_PATHS = (
				);
			};
			name = Shipping;
		};
		DA2F44CA29214A2137DCF1B8 /* DebugGame */ = {
			isa = XCBuildConfiguration;
			buildSettings = {
				COMBINE_HIDPI_IMAGES = YES;
				VALID_ARCHS = "x86_64 arm64 armv7 armv7s";
				SUPPORTED_PLATFORMS = "macosx iphoneos iphonesimulator";
				"PRODUCT_NAME[sdk=macosx*]" = "$(TARGET_NAME)";
				"PRODUCT_NAME[sdk=iphoneos*]" = "$(TARGET_NAME)";
				"PRODUCT_NAME[sdk=iphonesimulator*]" = "$(TARGET_NAME)-simulator";
				MACOSX_DEPLOYMENT_TARGET = 10.9;
				IPHONEOS_DEPLOYMENT_TARGET = 6.0;
				TARGETED_DEVICE_FAMILY = "1,2";
				CONFIGURATION_BUILD_DIR = "Engine/Binaries/IOS/Payload";
				SDKROOT = macosx;
				"SDKROOT[arch=x86_64]" = macosx;
				"SDKROOT[arch=arm*]" = iphoneos;
				GCC_PRECOMPILE_PREFIX_HEADER = YES;
				GCC_PREFIX_HEADER = "/Users/Shared/UnrealEngine/4.5/Engine/Source/Editor/UnrealEd/Public/UnrealEd.h";
			};
			name = DebugGame;
		};
		C12804AC350EC6F717FBAA24 /* Development */ = {
			isa = XCBuildConfiguration;
			buildSettings = {
				COMBINE_HIDPI_IMAGES = YES;
				VALID_ARCHS = "x86_64 arm64 armv7 armv7s";
				SUPPORTED_PLATFORMS = "macosx iphoneos iphonesimulator";
				"PRODUCT_NAME[sdk=macosx*]" = "$(TARGET_NAME)";
				"PRODUCT_NAME[sdk=iphoneos*]" = "$(TARGET_NAME)";
				"PRODUCT_NAME[sdk=iphonesimulator*]" = "$(TARGET_NAME)-simulator";
				MACOSX_DEPLOYMENT_TARGET = 10.9;
				IPHONEOS_DEPLOYMENT_TARGET = 6.0;
				TARGETED_DEVICE_FAMILY = "1,2";
				CONFIGURATION_BUILD_DIR = "Engine/Binaries/IOS/Payload";
				SDKROOT = macosx;
				"SDKROOT[arch=x86_64]" = macosx;
				"SDKROOT[arch=arm*]" = iphoneos;
				GCC_PRECOMPILE_PREFIX_HEADER = YES;
				GCC_PREFIX_HEADER = "/Users/Shared/UnrealEngine/4.5/Engine/Source/Editor/UnrealEd/Public/UnrealEd.h";
			};
			name = Development;
		};
		BE9C3077E1F943F41CD9821F /* Shipping */ = {
			isa = XCBuildConfiguration;
			buildSettings = {
				COMBINE_HIDPI_IMAGES = YES;
				VALID_ARCHS = "x86_64 arm64 armv7 armv7s";
				SUPPORTED_PLATFORMS = "macosx iphoneos iphonesimulator";
				"PRODUCT_NAME[sdk=macosx*]" = "$(TARGET_NAME)";
				"PRODUCT_NAME[sdk=iphoneos*]" = "$(TARGET_NAME)";
				"PRODUCT_NAME[sdk=iphonesimulator*]" = "$(TARGET_NAME)-simulator";
				MACOSX_DEPLOYMENT_TARGET = 10.9;
				IPHONEOS_DEPLOYMENT_TARGET = 6.0;
				TARGETED_DEVICE_FAMILY = "1,2";
				CONFIGURATION_BUILD_DIR = "Engine/Binaries/IOS/Payload";
				SDKROOT = macosx;
				"SDKROOT[arch=x86_64]" = macosx;
				"SDKROOT[arch=arm*]" = iphoneos;
				GCC_PRECOMPILE_PREFIX_HEADER = YES;
				GCC_PREFIX_HEADER = "/Users/Shared/UnrealEngine/4.5/Engine/Source/Editor/UnrealEd/Public/UnrealEd.h";
			};
			name = Shipping;
		};
		4CD3C1AEC16D37E04EBBD2C6 /* DebugGame */ = {
			isa = XCBuildConfiguration;
			buildSettings = {
				"PRODUCT_NAME[sdk=iphoneos*]" = "RTS";
				"PRODUCT_NAME[sdk=iphonesimulator*]" = "RTS-simulator";
				CONFIGURATION_BUILD_DIR = "Engine/Binaries/IOS/Payload";
				SUPPORTED_PLATFORMS = "iphoneos iphonesimulator";
				IPHONEOS_DEPLOYMENT_TARGET = 6.0;
				"CODE_SIGN_IDENTITY[sdk=iphoneos*]" = "iPhone Developer";
				CODE_SIGN_RESOURCE_RULES_PATH = "/Users/Shared/UnrealEngine/4.5/Engine/Build/iOS/XcodeSupportFiles/CustomResourceRules.plist";
				INFOPLIST_FILE = "/Users/tdeegan/dev/Unreal/RTS/Intermediate/IOS/RTS-Info.plist";
				SYMROOT = "/Users/tdeegan/dev/Unreal/RTS/Binaries/IOS";
				OBJROOT = "/Users/tdeegan/dev/Unreal/RTS/Intermediate/IOS/build";
				CONFIGURATION_BUILD_DIR = "/Users/tdeegan/dev/Unreal/RTS/Binaries/IOS/Payload";
				GCC_PREPROCESSOR_DEFINITIONS = (
				);
				HEADER_SEARCH_PATHS = (
				);
				USER_HEADER_SEARCH_PATHS = (
				);
				INFOPLIST_OUTPUT_FORMAT = xml;
				"PROVISIONING_PROFILE[sdk=iphoneos*]" = "";
				TARGETED_DEVICE_FAMILY = "1,2";
				SDKROOT = iphoneos;
			};
			name = DebugGame;
		};
		8205A358E2152CFE8E29FF95 /* Development */ = {
			isa = XCBuildConfiguration;
			buildSettings = {
				"PRODUCT_NAME[sdk=iphoneos*]" = "RTS";
				"PRODUCT_NAME[sdk=iphonesimulator*]" = "RTS-simulator";
				CONFIGURATION_BUILD_DIR = "Engine/Binaries/IOS/Payload";
				SUPPORTED_PLATFORMS = "iphoneos iphonesimulator";
				IPHONEOS_DEPLOYMENT_TARGET = 6.0;
				"CODE_SIGN_IDENTITY[sdk=iphoneos*]" = "iPhone Developer";
				CODE_SIGN_RESOURCE_RULES_PATH = "/Users/Shared/UnrealEngine/4.5/Engine/Build/iOS/XcodeSupportFiles/CustomResourceRules.plist";
				INFOPLIST_FILE = "/Users/tdeegan/dev/Unreal/RTS/Intermediate/IOS/RTS-Info.plist";
				SYMROOT = "/Users/tdeegan/dev/Unreal/RTS/Binaries/IOS";
				OBJROOT = "/Users/tdeegan/dev/Unreal/RTS/Intermediate/IOS/build";
				CONFIGURATION_BUILD_DIR = "/Users/tdeegan/dev/Unreal/RTS/Binaries/IOS/Payload";
				GCC_PREPROCESSOR_DEFINITIONS = (
				);
				HEADER_SEARCH_PATHS = (
				);
				USER_HEADER_SEARCH_PATHS = (
				);
				INFOPLIST_OUTPUT_FORMAT = xml;
				"PROVISIONING_PROFILE[sdk=iphoneos*]" = "";
				TARGETED_DEVICE_FAMILY = "1,2";
				SDKROOT = iphoneos;
			};
			name = Development;
		};
		A4D012BA00E942CE3E13ED28 /* Shipping */ = {
			isa = XCBuildConfiguration;
			buildSettings = {
				"PRODUCT_NAME[sdk=iphoneos*]" = "RTS";
				"PRODUCT_NAME[sdk=iphonesimulator*]" = "RTS-simulator";
				CONFIGURATION_BUILD_DIR = "Engine/Binaries/IOS/Payload";
				SUPPORTED_PLATFORMS = "iphoneos iphonesimulator";
				IPHONEOS_DEPLOYMENT_TARGET = 6.0;
				"CODE_SIGN_IDENTITY[sdk=iphoneos*]" = "iPhone Developer";
				CODE_SIGN_RESOURCE_RULES_PATH = "/Users/Shared/UnrealEngine/4.5/Engine/Build/iOS/XcodeSupportFiles/CustomResourceRules.plist";
				INFOPLIST_FILE = "/Users/tdeegan/dev/Unreal/RTS/Intermediate/IOS/RTS-Info.plist";
				SYMROOT = "/Users/tdeegan/dev/Unreal/RTS/Binaries/IOS";
				OBJROOT = "/Users/tdeegan/dev/Unreal/RTS/Intermediate/IOS/build";
				CONFIGURATION_BUILD_DIR = "/Users/tdeegan/dev/Unreal/RTS/Binaries/IOS/Payload";
				GCC_PREPROCESSOR_DEFINITIONS = (
				);
				HEADER_SEARCH_PATHS = (
				);
				USER_HEADER_SEARCH_PATHS = (
				);
				INFOPLIST_OUTPUT_FORMAT = xml;
				"PROVISIONING_PROFILE[sdk=iphoneos*]" = "";
				TARGETED_DEVICE_FAMILY = "1,2";
				SDKROOT = iphoneos;
			};
			name = Shipping;
		};
		F196C5FC16156EAB49EAFE0A /* DebugGame */ = {
			isa = XCBuildConfiguration;
			buildSettings = {
				COMBINE_HIDPI_IMAGES = YES;
				VALID_ARCHS = "x86_64";
				PRODUCT_NAME = "$(TARGET_NAME)";
				MACOSX_DEPLOYMENT_TARGET = 10.9;
				SDKROOT = macosx;
				GCC_PRECOMPILE_PREFIX_HEADER = YES;
				GCC_PREFIX_HEADER = "/Users/Shared/UnrealEngine/4.5/Engine/Source/Editor/UnrealEd/Public/UnrealEd.h";
			};
			name = DebugGame;
		};
		C07DCF5AAAB848C47CD221DD /* Development */ = {
			isa = XCBuildConfiguration;
			buildSettings = {
				COMBINE_HIDPI_IMAGES = YES;
				VALID_ARCHS = "x86_64";
				PRODUCT_NAME = "$(TARGET_NAME)";
				MACOSX_DEPLOYMENT_TARGET = 10.9;
				SDKROOT = macosx;
				GCC_PRECOMPILE_PREFIX_HEADER = YES;
				GCC_PREFIX_HEADER = "/Users/Shared/UnrealEngine/4.5/Engine/Source/Editor/UnrealEd/Public/UnrealEd.h";
			};
			name = Development;
		};
		83E49F832E856FD17DB68599 /* Shipping */ = {
			isa = XCBuildConfiguration;
			buildSettings = {
				COMBINE_HIDPI_IMAGES = YES;
				VALID_ARCHS = "x86_64";
				PRODUCT_NAME = "$(TARGET_NAME)";
				MACOSX_DEPLOYMENT_TARGET = 10.9;
				SDKROOT = macosx;
				GCC_PRECOMPILE_PREFIX_HEADER = YES;
				GCC_PREFIX_HEADER = "/Users/Shared/UnrealEngine/4.5/Engine/Source/Editor/UnrealEd/Public/UnrealEd.h";
			};
			name = Shipping;
		};
		D30D71E001591145B07C34E6 /* DebugGame */ = {
			isa = XCBuildConfiguration;
			buildSettings = {
				COMBINE_HIDPI_IMAGES = YES;
				VALID_ARCHS = "x86_64 arm64 armv7 armv7s";
				SUPPORTED_PLATFORMS = "macosx iphoneos iphonesimulator";
				"PRODUCT_NAME[sdk=macosx*]" = "$(TARGET_NAME)";
				"PRODUCT_NAME[sdk=iphoneos*]" = "$(TARGET_NAME)";
				"PRODUCT_NAME[sdk=iphonesimulator*]" = "$(TARGET_NAME)-simulator";
				MACOSX_DEPLOYMENT_TARGET = 10.9;
				IPHONEOS_DEPLOYMENT_TARGET = 6.0;
				TARGETED_DEVICE_FAMILY = "1,2";
				CONFIGURATION_BUILD_DIR = "Engine/Binaries/IOS/Payload";
				SDKROOT = macosx;
				"SDKROOT[arch=x86_64]" = macosx;
				"SDKROOT[arch=arm*]" = iphoneos;
				GCC_PRECOMPILE_PREFIX_HEADER = YES;
				GCC_PREFIX_HEADER = "/Users/Shared/UnrealEngine/4.5/Engine/Source/Editor/UnrealEd/Public/UnrealEd.h";
			};
			name = DebugGame;
		};
		CD2B4BAAD044778F03B18500 /* Development */ = {
			isa = XCBuildConfiguration;
			buildSettings = {
				COMBINE_HIDPI_IMAGES = YES;
				VALID_ARCHS = "x86_64 arm64 armv7 armv7s";
				SUPPORTED_PLATFORMS = "macosx iphoneos iphonesimulator";
				"PRODUCT_NAME[sdk=macosx*]" = "$(TARGET_NAME)";
				"PRODUCT_NAME[sdk=iphoneos*]" = "$(TARGET_NAME)";
				"PRODUCT_NAME[sdk=iphonesimulator*]" = "$(TARGET_NAME)-simulator";
				MACOSX_DEPLOYMENT_TARGET = 10.9;
				IPHONEOS_DEPLOYMENT_TARGET = 6.0;
				TARGETED_DEVICE_FAMILY = "1,2";
				CONFIGURATION_BUILD_DIR = "Engine/Binaries/IOS/Payload";
				SDKROOT = macosx;
				"SDKROOT[arch=x86_64]" = macosx;
				"SDKROOT[arch=arm*]" = iphoneos;
				GCC_PRECOMPILE_PREFIX_HEADER = YES;
				GCC_PREFIX_HEADER = "/Users/Shared/UnrealEngine/4.5/Engine/Source/Editor/UnrealEd/Public/UnrealEd.h";
			};
			name = Development;
		};
		2165E139F0A34D8E3CE54651 /* Shipping */ = {
			isa = XCBuildConfiguration;
			buildSettings = {
				COMBINE_HIDPI_IMAGES = YES;
				VALID_ARCHS = "x86_64 arm64 armv7 armv7s";
				SUPPORTED_PLATFORMS = "macosx iphoneos iphonesimulator";
				"PRODUCT_NAME[sdk=macosx*]" = "$(TARGET_NAME)";
				"PRODUCT_NAME[sdk=iphoneos*]" = "$(TARGET_NAME)";
				"PRODUCT_NAME[sdk=iphonesimulator*]" = "$(TARGET_NAME)-simulator";
				MACOSX_DEPLOYMENT_TARGET = 10.9;
				IPHONEOS_DEPLOYMENT_TARGET = 6.0;
				TARGETED_DEVICE_FAMILY = "1,2";
				CONFIGURATION_BUILD_DIR = "Engine/Binaries/IOS/Payload";
				SDKROOT = macosx;
				"SDKROOT[arch=x86_64]" = macosx;
				"SDKROOT[arch=arm*]" = iphoneos;
				GCC_PRECOMPILE_PREFIX_HEADER = YES;
				GCC_PREFIX_HEADER = "/Users/Shared/UnrealEngine/4.5/Engine/Source/Editor/UnrealEd/Public/UnrealEd.h";
			};
			name = Shipping;
		};
/* End XCBuildConfiguration section */

/* Begin XCConfigurationList section */
		2D19E2F2734BF246E70BD9BE /* Build configuration list for PBXProject "UE4" */ = {
			isa = XCConfigurationList;
			buildConfigurations = (
				56F3EA26B079EBBD04D58035 /* DebugGame */,
				8CA5EF6672C374DB7D05FB2D /* Development */,
				946A116CFB87339CF0E95285 /* Shipping */,
			);
			defaultConfigurationIsVisible = 0;
			defaultConfigurationName = Development;
		};
		71691D23B02BEEDBB5650509 /* Build configuration list for PBXNativeTarget "UE4CmdLineRun" */ = {
			isa = XCConfigurationList;
			buildConfigurations = (
				7A3B692D8EC585BB3FD0F8FD /* DebugGame */,
				6029578830DA638243DE8E0B /* Development */,
				85596FB6CE91F8C3DCE657E0 /* Shipping */,
			);
			defaultConfigurationIsVisible = 0;
			defaultConfigurationName = Development;
		};
		0C2D366B707949B120CA6EBD /* Build configuration list for PBXLegacyTarget "RTS - Mac" */ = {
			isa = XCConfigurationList;
			buildConfigurations = (
				DA2F44CA29214A2137DCF1B8 /* DebugGame */,
				C12804AC350EC6F717FBAA24 /* Development */,
				BE9C3077E1F943F41CD9821F /* Shipping */,
			);
			defaultConfigurationIsVisible = 0;
			defaultConfigurationName = Development;
		};
		827F628BDE26193DCAF04501 /* Build configuration list for PBXNativeTarget "RTS - iOS" */ = {
			isa = XCConfigurationList;
			buildConfigurations = (
				4CD3C1AEC16D37E04EBBD2C6 /* DebugGame */,
				8205A358E2152CFE8E29FF95 /* Development */,
				A4D012BA00E942CE3E13ED28 /* Shipping */,
			);
			defaultConfigurationIsVisible = 0;
			defaultConfigurationName = Development;
		};
		43FF059A291EA3F7D26D7626 /* Build configuration list for PBXLegacyTarget "RTSEditor - Mac" */ = {
			isa = XCConfigurationList;
			buildConfigurations = (
				F196C5FC16156EAB49EAFE0A /* DebugGame */,
				C07DCF5AAAB848C47CD221DD /* Development */,
				83E49F832E856FD17DB68599 /* Shipping */,
			);
			defaultConfigurationIsVisible = 0;
			defaultConfigurationName = Development;
		};
		6C80F057548241D7663CECC5 /* Build configuration list for PBXNativeTarget "UE4XcodeHelper" */ = {
			isa = XCConfigurationList;
			buildConfigurations = (
				D30D71E001591145B07C34E6 /* DebugGame */,
				CD2B4BAAD044778F03B18500 /* Development */,
				2165E139F0A34D8E3CE54651 /* Shipping */,
			);
			defaultConfigurationIsVisible = 0;
			defaultConfigurationName = Development;
		};
/* End XCConfigurationList section */

	};
	rootObject = 27AFC5D77CBF58FB29C42D1E /* Project object */;
}
